// !$*UTF8*$!
{
	archiveVersion = 1;
	classes = {
	};
	objectVersion = 56;
	objects = {

/* Begin PBXBuildFile section */
		3409154B292DE5CC007873A8 /* FirebaseAuth in Frameworks */ = {isa = PBXBuildFile; productRef = 3409154A292DE5CC007873A8 /* FirebaseAuth */; };
		3409154D292DE5CC007873A8 /* FirebaseFirestore in Frameworks */ = {isa = PBXBuildFile; productRef = 3409154C292DE5CC007873A8 /* FirebaseFirestore */; };
		3409154F292DE5CC007873A8 /* FirebaseFirestoreSwift in Frameworks */ = {isa = PBXBuildFile; productRef = 3409154E292DE5CC007873A8 /* FirebaseFirestoreSwift */; };
		34091551292DE5CC007873A8 /* FirebaseStorage in Frameworks */ = {isa = PBXBuildFile; productRef = 34091550292DE5CC007873A8 /* FirebaseStorage */; };
		34091552292DE9D1007873A8 /* QuestEntity.swift in Sources */ = {isa = PBXBuildFile; fileRef = A5AC96DB292237C3003B7637 /* QuestEntity.swift */; };
		340A7246293455CE00B26AA6 /* AuthRepository.swift in Sources */ = {isa = PBXBuildFile; fileRef = 340A7245293455CE00B26AA6 /* AuthRepository.swift */; };
		340A72472934573F00B26AA6 /* AuthRepository.swift in Sources */ = {isa = PBXBuildFile; fileRef = 340A7245293455CE00B26AA6 /* AuthRepository.swift */; };
		340A724929348B1B00B26AA6 /* AuthUseCase.swift in Sources */ = {isa = PBXBuildFile; fileRef = 340A724829348B1B00B26AA6 /* AuthUseCase.swift */; };
		340A724B29348C2200B26AA6 /* DefaultAuthUseCase.swift in Sources */ = {isa = PBXBuildFile; fileRef = 340A724A29348C2200B26AA6 /* DefaultAuthUseCase.swift */; };
		340FDFD3292B5CE300C4E3DC /* QuestsRepository.swift in Sources */ = {isa = PBXBuildFile; fileRef = 34CAE317292B19A3007653AD /* QuestsRepository.swift */; };
		340FDFD4292B5DA100C4E3DC /* QuestUseCase.swift in Sources */ = {isa = PBXBuildFile; fileRef = 3416FC87292B54DB00B504C5 /* QuestUseCase.swift */; };
		340FDFD5292B5DB700C4E3DC /* DefaultQuestUseCase.swift in Sources */ = {isa = PBXBuildFile; fileRef = 3416FC89292B560800B504C5 /* DefaultQuestUseCase.swift */; };
		340FDFDB292B7A1500C4E3DC /* QuestViewModelTests.swift in Sources */ = {isa = PBXBuildFile; fileRef = 340FDFDA292B7A1500C4E3DC /* QuestViewModelTests.swift */; };
		340FDFDE292B7A2C00C4E3DC /* QuestUseCaseMock.swift in Sources */ = {isa = PBXBuildFile; fileRef = 340FDFDD292B7A2C00C4E3DC /* QuestUseCaseMock.swift */; };
		34113BE82934917500AB4919 /* AuthViewModel.swift in Sources */ = {isa = PBXBuildFile; fileRef = 34113BE72934917500AB4919 /* AuthViewModel.swift */; };
		34113BEB2934A3B200AB4919 /* LoginViewController.swift in Sources */ = {isa = PBXBuildFile; fileRef = 34113BEA2934A3B200AB4919 /* LoginViewController.swift */; };
		34113BED2934BD3D00AB4919 /* TextFieldForm.swift in Sources */ = {isa = PBXBuildFile; fileRef = 34113BEC2934BD3D00AB4919 /* TextFieldForm.swift */; };
		3413139C291E480500E607E1 /* SnapKit in Frameworks */ = {isa = PBXBuildFile; productRef = 3413139B291E480500E607E1 /* SnapKit */; };
		3416FC88292B54DB00B504C5 /* QuestUseCase.swift in Sources */ = {isa = PBXBuildFile; fileRef = 3416FC87292B54DB00B504C5 /* QuestUseCase.swift */; };
		3416FC8A292B560800B504C5 /* DefaultQuestUseCase.swift in Sources */ = {isa = PBXBuildFile; fileRef = 3416FC89292B560800B504C5 /* DefaultQuestUseCase.swift */; };
		3416FC8E292B593C00B504C5 /* Quest+Stub.swift in Sources */ = {isa = PBXBuildFile; fileRef = 3416FC8D292B593C00B504C5 /* Quest+Stub.swift */; };
		3416FC93292B59D300B504C5 /* QuestRepositoryMock.swift in Sources */ = {isa = PBXBuildFile; fileRef = 3416FC92292B59D300B504C5 /* QuestRepositoryMock.swift */; };
		3416FC95292B5AD600B504C5 /* QuestUseCaseTests.swift in Sources */ = {isa = PBXBuildFile; fileRef = 3416FC94292B5AD600B504C5 /* QuestUseCaseTests.swift */; };
		3416FC96292B5B5400B504C5 /* Quest.swift in Sources */ = {isa = PBXBuildFile; fileRef = 3449AD5A2922164B00B87619 /* Quest.swift */; };
		3417B1442935DA4A00900454 /* BrowseUseCase.swift in Sources */ = {isa = PBXBuildFile; fileRef = 3417B1432935DA4A00900454 /* BrowseUseCase.swift */; };
		3417B1462935DA9D00900454 /* DefaultBrowseUseCase.swift in Sources */ = {isa = PBXBuildFile; fileRef = 3417B1452935DA9D00900454 /* DefaultBrowseUseCase.swift */; };
		342830A8292E0FAC00AE811B /* SettingsCoordinator.swift in Sources */ = {isa = PBXBuildFile; fileRef = 342830A7292E0FAC00AE811B /* SettingsCoordinator.swift */; };
		342830AA292E12C700AE811B /* SettingsViewController.swift in Sources */ = {isa = PBXBuildFile; fileRef = 342830A9292E12C700AE811B /* SettingsViewController.swift */; };
		342830F2292E196E00AE811B /* CommonField.swift in Sources */ = {isa = PBXBuildFile; fileRef = 342830F1292E196E00AE811B /* CommonField.swift */; };
		342830F4292E19B700AE811B /* PlainCell.swift in Sources */ = {isa = PBXBuildFile; fileRef = 342830F3292E19B700AE811B /* PlainCell.swift */; };
		342830F6292E1ACA00AE811B /* PlainItemViewModel.swift in Sources */ = {isa = PBXBuildFile; fileRef = 342830F5292E1ACA00AE811B /* PlainItemViewModel.swift */; };
		342830F8292E1B7400AE811B /* PlainField.swift in Sources */ = {isa = PBXBuildFile; fileRef = 342830F7292E1B7400AE811B /* PlainField.swift */; };
		342830FB292E2A5F00AE811B /* NavigateItemViewModel.swift in Sources */ = {isa = PBXBuildFile; fileRef = 342830FA292E2A5F00AE811B /* NavigateItemViewModel.swift */; };
		342830FD292E2AF200AE811B /* NavigateField.swift in Sources */ = {isa = PBXBuildFile; fileRef = 342830FC292E2AF200AE811B /* NavigateField.swift */; };
		342830FF292E2B2A00AE811B /* NavigateCell.swift in Sources */ = {isa = PBXBuildFile; fileRef = 342830FE292E2B2A00AE811B /* NavigateCell.swift */; };
		34283101292E2D7A00AE811B /* ToggleItemViewModel.swift in Sources */ = {isa = PBXBuildFile; fileRef = 34283100292E2D7A00AE811B /* ToggleItemViewModel.swift */; };
		34283103292E2D9B00AE811B /* ToggleCell.swift in Sources */ = {isa = PBXBuildFile; fileRef = 34283102292E2D9B00AE811B /* ToggleCell.swift */; };
		34283105292E2E3F00AE811B /* ToggleField.swift in Sources */ = {isa = PBXBuildFile; fileRef = 34283104292E2E3F00AE811B /* ToggleField.swift */; };
		3449AD5B2922164B00B87619 /* Quest.swift in Sources */ = {isa = PBXBuildFile; fileRef = 3449AD5A2922164B00B87619 /* Quest.swift */; };
		3449AD5D2922197000B87619 /* User.swift in Sources */ = {isa = PBXBuildFile; fileRef = 3449AD5C2922197000B87619 /* User.swift */; };
		3449AD6029222B3900B87619 /* UserInfoCell.swift in Sources */ = {isa = PBXBuildFile; fileRef = 3449AD5F29222B3900B87619 /* UserInfoCell.swift */; };
		34642AB62925D9E40052FA0E /* UserInfoView.swift in Sources */ = {isa = PBXBuildFile; fileRef = 34642AB52925D9E40052FA0E /* UserInfoView.swift */; };
		347D258B292C60F40038FCA2 /* StatusView.swift in Sources */ = {isa = PBXBuildFile; fileRef = 347D258A292C60F40038FCA2 /* StatusView.swift */; };
		347D258D292C6E220038FCA2 /* MessageBubble.swift in Sources */ = {isa = PBXBuildFile; fileRef = 347D258C292C6E220038FCA2 /* MessageBubble.swift */; };
		34874AA0292509A4000570DF /* QuestViewHeader.swift in Sources */ = {isa = PBXBuildFile; fileRef = 34874A9F292509A4000570DF /* QuestViewHeader.swift */; };
		34874AA229250C43000570DF /* UIButton+.swift in Sources */ = {isa = PBXBuildFile; fileRef = 34874AA129250C43000570DF /* UIButton+.swift */; };
		34874AA629252088000570DF /* AddQuestsViewController.swift in Sources */ = {isa = PBXBuildFile; fileRef = 34874AA529252088000570DF /* AddQuestsViewController.swift */; };
		349955122923220E007AB99E /* SwiftUIPreview.swift in Sources */ = {isa = PBXBuildFile; fileRef = 349955112923220E007AB99E /* SwiftUIPreview.swift */; };
		3499551529232533007AB99E /* UIColor+.swift in Sources */ = {isa = PBXBuildFile; fileRef = 3499551429232533007AB99E /* UIColor+.swift */; };
		3499551E29233DEF007AB99E /* QuestCell.swift in Sources */ = {isa = PBXBuildFile; fileRef = 3499551D29233DEF007AB99E /* QuestCell.swift */; };
		3499552029234637007AB99E /* CustomProgressBar.swift in Sources */ = {isa = PBXBuildFile; fileRef = 3499551F29234637007AB99E /* CustomProgressBar.swift */; };
		3499552329234D5F007AB99E /* BrowseCell.swift in Sources */ = {isa = PBXBuildFile; fileRef = 3499552229234D5F007AB99E /* BrowseCell.swift */; };
		3499552729235D1E007AB99E /* BrowseItemViewModel.swift in Sources */ = {isa = PBXBuildFile; fileRef = 3499552629235D1E007AB99E /* BrowseItemViewModel.swift */; };
		349955292923600A007AB99E /* BrowseViewController.swift in Sources */ = {isa = PBXBuildFile; fileRef = 349955282923600A007AB99E /* BrowseViewController.swift */; };
		3499552B29236041007AB99E /* BrowseViewModel.swift in Sources */ = {isa = PBXBuildFile; fileRef = 3499552A29236041007AB99E /* BrowseViewModel.swift */; };
		34A529D129247880001BAD34 /* Coordinator.swift in Sources */ = {isa = PBXBuildFile; fileRef = 34A529D029247880001BAD34 /* Coordinator.swift */; };
		34A529D329247903001BAD34 /* TabCoordinator.swift in Sources */ = {isa = PBXBuildFile; fileRef = 34A529D229247903001BAD34 /* TabCoordinator.swift */; };
		34A529D529247932001BAD34 /* AppCoordinator.swift in Sources */ = {isa = PBXBuildFile; fileRef = 34A529D429247932001BAD34 /* AppCoordinator.swift */; };
		34A529D829247A87001BAD34 /* HomeCoordinator.swift in Sources */ = {isa = PBXBuildFile; fileRef = 34A529D729247A87001BAD34 /* HomeCoordinator.swift */; };
		34A529DA29247B9C001BAD34 /* AppDIContainer.swift in Sources */ = {isa = PBXBuildFile; fileRef = 34A529D929247B9C001BAD34 /* AppDIContainer.swift */; };
		34A529DC29247BB6001BAD34 /* HomeSceneDIContainer.swift in Sources */ = {isa = PBXBuildFile; fileRef = 34A529DB29247BB6001BAD34 /* HomeSceneDIContainer.swift */; };
		34A529E029247F1F001BAD34 /* HomeViewController.swift in Sources */ = {isa = PBXBuildFile; fileRef = 34A529DF29247F1F001BAD34 /* HomeViewController.swift */; };
		34A529E22924816A001BAD34 /* BrowseSceneDIContainer.swift in Sources */ = {isa = PBXBuildFile; fileRef = 34A529E12924816A001BAD34 /* BrowseSceneDIContainer.swift */; };
		34A529E429248178001BAD34 /* SettingsSceneDIContainer.swift in Sources */ = {isa = PBXBuildFile; fileRef = 34A529E329248178001BAD34 /* SettingsSceneDIContainer.swift */; };
		34A529E7292481E1001BAD34 /* BrowseCoordinator.swift in Sources */ = {isa = PBXBuildFile; fileRef = 34A529E6292481E1001BAD34 /* BrowseCoordinator.swift */; };
		34A529E929248B58001BAD34 /* AppAppearance.swift in Sources */ = {isa = PBXBuildFile; fileRef = 34A529E829248B58001BAD34 /* AppAppearance.swift */; };
		34ACC32D291DE9C000741371 /* AppDelegate.swift in Sources */ = {isa = PBXBuildFile; fileRef = 34ACC32C291DE9C000741371 /* AppDelegate.swift */; };
		34ACC32F291DE9C000741371 /* SceneDelegate.swift in Sources */ = {isa = PBXBuildFile; fileRef = 34ACC32E291DE9C000741371 /* SceneDelegate.swift */; };
		34ACC336291DE9C100741371 /* Assets.xcassets in Resources */ = {isa = PBXBuildFile; fileRef = 34ACC335291DE9C100741371 /* Assets.xcassets */; };
		34ACC339291DE9C100741371 /* LaunchScreen.storyboard in Resources */ = {isa = PBXBuildFile; fileRef = 34ACC337291DE9C100741371 /* LaunchScreen.storyboard */; };
		34ACC34E291DE9C100741371 /* DailyQuestUITests.swift in Sources */ = {isa = PBXBuildFile; fileRef = 34ACC34D291DE9C100741371 /* DailyQuestUITests.swift */; };
		34ACC350291DE9C100741371 /* DailyQuestUITestsLaunchTests.swift in Sources */ = {isa = PBXBuildFile; fileRef = 34ACC34F291DE9C100741371 /* DailyQuestUITestsLaunchTests.swift */; };
		34CAE318292B19A3007653AD /* QuestsRepository.swift in Sources */ = {isa = PBXBuildFile; fileRef = 34CAE317292B19A3007653AD /* QuestsRepository.swift */; };
		34D8360129359C8A001DE9DF /* BrowseRepository.swift in Sources */ = {isa = PBXBuildFile; fileRef = 34D8360029359C8A001DE9DF /* BrowseRepository.swift */; };
		34EC71CE292DEFBF004813CB /* Lottie in Frameworks */ = {isa = PBXBuildFile; productRef = 34EC71CD292DEFBF004813CB /* Lottie */; };
		34EC71D0292DF0B5004813CB /* GoogleService-Info.plist in Resources */ = {isa = PBXBuildFile; fileRef = 34EC71CF292DF0B5004813CB /* GoogleService-Info.plist */; };
		34EC71D1292DF27E004813CB /* Date+.swift in Sources */ = {isa = PBXBuildFile; fileRef = A50F9A3829266FD8005C00FE /* Date+.swift */; };
		34EE6EB72924C674005AF583 /* QuestView.swift in Sources */ = {isa = PBXBuildFile; fileRef = 34EE6EB62924C674005AF583 /* QuestView.swift */; };
		34EE6EB92924CAA1005AF583 /* QuestViewModel.swift in Sources */ = {isa = PBXBuildFile; fileRef = 34EE6EB82924CAA1005AF583 /* QuestViewModel.swift */; };
		34FEFB992935EA6D00954A40 /* Kingfisher in Frameworks */ = {isa = PBXBuildFile; productRef = 34FEFB982935EA6D00954A40 /* Kingfisher */; };
		34FF6C5A292B86F8002AFD4D /* SnapKit-Dynamic in Frameworks */ = {isa = PBXBuildFile; productRef = 34FF6C46292B8014002AFD4D /* SnapKit-Dynamic */; };
		34FF6C5D292B8B27002AFD4D /* RxCocoa in Frameworks */ = {isa = PBXBuildFile; productRef = 34FF6C5C292B8B27002AFD4D /* RxCocoa */; };
		34FF6C5F292B8B27002AFD4D /* RxSwift in Frameworks */ = {isa = PBXBuildFile; productRef = 34FF6C5E292B8B27002AFD4D /* RxSwift */; };
		34FF6C60292B8BC9002AFD4D /* QuestViewModel.swift in Sources */ = {isa = PBXBuildFile; fileRef = 34EE6EB82924CAA1005AF583 /* QuestViewModel.swift */; };
		34FF6C64292B8C26002AFD4D /* RxCocoa-Dynamic in Frameworks */ = {isa = PBXBuildFile; productRef = 34FF6C63292B8C26002AFD4D /* RxCocoa-Dynamic */; };
		9B1CFB3F292B585700CCE97A /* QuestDTO+Mapping.swift in Sources */ = {isa = PBXBuildFile; fileRef = 9B1CFB3E292B585700CCE97A /* QuestDTO+Mapping.swift */; };
		A50DE906292B53D900E1FD60 /* DefaultQuestsRepository.swift in Sources */ = {isa = PBXBuildFile; fileRef = A50DE905292B53D900E1FD60 /* DefaultQuestsRepository.swift */; };
		A50DE90B292B73B900E1FD60 /* FirebaseDatabaseSwift in Frameworks */ = {isa = PBXBuildFile; productRef = A50DE90A292B73B900E1FD60 /* FirebaseDatabaseSwift */; };
		A50DE911292B74C500E1FD60 /* DTO.swift in Sources */ = {isa = PBXBuildFile; fileRef = A50DE910292B74C500E1FD60 /* DTO.swift */; };
		A50F9A3429266F45005C00FE /* NetworkService.swift in Sources */ = {isa = PBXBuildFile; fileRef = A50F9A3329266F45005C00FE /* NetworkService.swift */; };
		A50F9A3729266F6F005C00FE /* FirebaseService.swift in Sources */ = {isa = PBXBuildFile; fileRef = A50F9A3629266F6F005C00FE /* FirebaseService.swift */; };
		A50F9A3F292679BC005C00FE /* NetworkConfigure.swift in Sources */ = {isa = PBXBuildFile; fileRef = A50F9A3E292679BC005C00FE /* NetworkConfigure.swift */; };
		A51189C329226E66008A9D33 /* QuestEntity+Mapping.swift in Sources */ = {isa = PBXBuildFile; fileRef = A51189C229226E66008A9D33 /* QuestEntity+Mapping.swift */; };
		A517A84629349D91005CB1E8 /* DefaultAuthRepository.swift in Sources */ = {isa = PBXBuildFile; fileRef = A517A84529349D91005CB1E8 /* DefaultAuthRepository.swift */; };
		A51F01C82923392F0031ECA2 /* UserInfoStorage.swift in Sources */ = {isa = PBXBuildFile; fileRef = A51F01C72923392F0031ECA2 /* UserInfoStorage.swift */; };
		A51F01CA2923397E0031ECA2 /* UserInfoEntity.swift in Sources */ = {isa = PBXBuildFile; fileRef = A51F01C92923397E0031ECA2 /* UserInfoEntity.swift */; };
		A51F01CD29233ABB0031ECA2 /* RealmUserInfoStorage.swift in Sources */ = {isa = PBXBuildFile; fileRef = A51F01CC29233ABB0031ECA2 /* RealmUserInfoStorage.swift */; };
		A51F01D029233C510031ECA2 /* UserInfoEntity+Mapping.swift in Sources */ = {isa = PBXBuildFile; fileRef = A51F01CF29233C510031ECA2 /* UserInfoEntity+Mapping.swift */; };
		A51F01D3292340360031ECA2 /* BrowseQuestsStorage.swift in Sources */ = {isa = PBXBuildFile; fileRef = A51F01D2292340360031ECA2 /* BrowseQuestsStorage.swift */; };
		A51F01D52923407E0031ECA2 /* BrowseQuestEntity.swift in Sources */ = {isa = PBXBuildFile; fileRef = A51F01D42923407E0031ECA2 /* BrowseQuestEntity.swift */; };
		A51F01D8292343A80031ECA2 /* RealmBrowseQuestsStorage.swift in Sources */ = {isa = PBXBuildFile; fileRef = A51F01D7292343A80031ECA2 /* RealmBrowseQuestsStorage.swift */; };
		A51F01DA292345990031ECA2 /* BrowseQuest.swift in Sources */ = {isa = PBXBuildFile; fileRef = A51F01D9292345990031ECA2 /* BrowseQuest.swift */; };
		A51F01DD2923468F0031ECA2 /* BrowseQuestEntity+Mapping.swift in Sources */ = {isa = PBXBuildFile; fileRef = A51F01DC2923468F0031ECA2 /* BrowseQuestEntity+Mapping.swift */; };
		A5656452292BB89A0033E763 /* QuestsStorage.swift in Sources */ = {isa = PBXBuildFile; fileRef = A5AC96E529223F06003B7637 /* QuestsStorage.swift */; };
		A5656457292BB91F0033E763 /* Quest.swift in Sources */ = {isa = PBXBuildFile; fileRef = 3449AD5A2922164B00B87619 /* Quest.swift */; };
		A5656459292BBDD40033E763 /* String+.swift in Sources */ = {isa = PBXBuildFile; fileRef = A5656458292BBDD40033E763 /* String+.swift */; };
		A5AC96D929223648003B7637 /* RealmStorage.swift in Sources */ = {isa = PBXBuildFile; fileRef = A5AC96D829223648003B7637 /* RealmStorage.swift */; };
		A5AC96DF292239CA003B7637 /* RealmSwift in Frameworks */ = {isa = PBXBuildFile; productRef = A5AC96DE292239CA003B7637 /* RealmSwift */; };
		A5AC96E629223F06003B7637 /* QuestsStorage.swift in Sources */ = {isa = PBXBuildFile; fileRef = A5AC96E529223F06003B7637 /* QuestsStorage.swift */; };
		A5AC96E829223F27003B7637 /* RealmQuestsStorage.swift in Sources */ = {isa = PBXBuildFile; fileRef = A5AC96E729223F27003B7637 /* RealmQuestsStorage.swift */; };
		B50078D629222F3F0070AFC4 /* CircleCheckView.swift in Sources */ = {isa = PBXBuildFile; fileRef = B50078D529222F3F0070AFC4 /* CircleCheckView.swift */; };
		B58DFC0A29227DA800C68A4B /* CalendarCell.swift in Sources */ = {isa = PBXBuildFile; fileRef = B58DFC0929227DA800C68A4B /* CalendarCell.swift */; };
/* End PBXBuildFile section */

/* Begin PBXContainerItemProxy section */
		34ACC340291DE9C100741371 /* PBXContainerItemProxy */ = {
			isa = PBXContainerItemProxy;
			containerPortal = 34ACC321291DE9C000741371 /* Project object */;
			proxyType = 1;
			remoteGlobalIDString = 34ACC328291DE9C000741371;
			remoteInfo = DailyQuest;
		};
		34ACC34A291DE9C100741371 /* PBXContainerItemProxy */ = {
			isa = PBXContainerItemProxy;
			containerPortal = 34ACC321291DE9C000741371 /* Project object */;
			proxyType = 1;
			remoteGlobalIDString = 34ACC328291DE9C000741371;
			remoteInfo = DailyQuest;
		};
/* End PBXContainerItemProxy section */

/* Begin PBXCopyFilesBuildPhase section */
		34FF6C2E292B8014002AFD4D /* Embed Frameworks */ = {
			isa = PBXCopyFilesBuildPhase;
			buildActionMask = 2147483647;
			dstPath = "";
			dstSubfolderSpec = 10;
			files = (
			);
			name = "Embed Frameworks";
			runOnlyForDeploymentPostprocessing = 0;
		};
/* End PBXCopyFilesBuildPhase section */

/* Begin PBXFileReference section */
		340A7245293455CE00B26AA6 /* AuthRepository.swift */ = {isa = PBXFileReference; lastKnownFileType = sourcecode.swift; path = AuthRepository.swift; sourceTree = "<group>"; };
		340A724829348B1B00B26AA6 /* AuthUseCase.swift */ = {isa = PBXFileReference; lastKnownFileType = sourcecode.swift; path = AuthUseCase.swift; sourceTree = "<group>"; };
		340A724A29348C2200B26AA6 /* DefaultAuthUseCase.swift */ = {isa = PBXFileReference; lastKnownFileType = sourcecode.swift; path = DefaultAuthUseCase.swift; sourceTree = "<group>"; };
		340FDFDA292B7A1500C4E3DC /* QuestViewModelTests.swift */ = {isa = PBXFileReference; lastKnownFileType = sourcecode.swift; path = QuestViewModelTests.swift; sourceTree = "<group>"; };
		340FDFDD292B7A2C00C4E3DC /* QuestUseCaseMock.swift */ = {isa = PBXFileReference; lastKnownFileType = sourcecode.swift; path = QuestUseCaseMock.swift; sourceTree = "<group>"; };
		34113BE72934917500AB4919 /* AuthViewModel.swift */ = {isa = PBXFileReference; lastKnownFileType = sourcecode.swift; path = AuthViewModel.swift; sourceTree = "<group>"; };
		34113BEA2934A3B200AB4919 /* LoginViewController.swift */ = {isa = PBXFileReference; lastKnownFileType = sourcecode.swift; path = LoginViewController.swift; sourceTree = "<group>"; };
		34113BEC2934BD3D00AB4919 /* TextFieldForm.swift */ = {isa = PBXFileReference; lastKnownFileType = sourcecode.swift; path = TextFieldForm.swift; sourceTree = "<group>"; };
		3416FC87292B54DB00B504C5 /* QuestUseCase.swift */ = {isa = PBXFileReference; lastKnownFileType = sourcecode.swift; path = QuestUseCase.swift; sourceTree = "<group>"; };
		3416FC89292B560800B504C5 /* DefaultQuestUseCase.swift */ = {isa = PBXFileReference; lastKnownFileType = sourcecode.swift; path = DefaultQuestUseCase.swift; sourceTree = "<group>"; };
		3416FC8D292B593C00B504C5 /* Quest+Stub.swift */ = {isa = PBXFileReference; lastKnownFileType = sourcecode.swift; path = "Quest+Stub.swift"; sourceTree = "<group>"; };
		3416FC92292B59D300B504C5 /* QuestRepositoryMock.swift */ = {isa = PBXFileReference; lastKnownFileType = sourcecode.swift; path = QuestRepositoryMock.swift; sourceTree = "<group>"; };
		3416FC94292B5AD600B504C5 /* QuestUseCaseTests.swift */ = {isa = PBXFileReference; lastKnownFileType = sourcecode.swift; path = QuestUseCaseTests.swift; sourceTree = "<group>"; };
		3417B1432935DA4A00900454 /* BrowseUseCase.swift */ = {isa = PBXFileReference; lastKnownFileType = sourcecode.swift; path = BrowseUseCase.swift; sourceTree = "<group>"; };
		3417B1452935DA9D00900454 /* DefaultBrowseUseCase.swift */ = {isa = PBXFileReference; lastKnownFileType = sourcecode.swift; path = DefaultBrowseUseCase.swift; sourceTree = "<group>"; };
		342830A7292E0FAC00AE811B /* SettingsCoordinator.swift */ = {isa = PBXFileReference; lastKnownFileType = sourcecode.swift; path = SettingsCoordinator.swift; sourceTree = "<group>"; };
		342830A9292E12C700AE811B /* SettingsViewController.swift */ = {isa = PBXFileReference; lastKnownFileType = sourcecode.swift; path = SettingsViewController.swift; sourceTree = "<group>"; };
		342830F1292E196E00AE811B /* CommonField.swift */ = {isa = PBXFileReference; lastKnownFileType = sourcecode.swift; path = CommonField.swift; sourceTree = "<group>"; };
		342830F3292E19B700AE811B /* PlainCell.swift */ = {isa = PBXFileReference; lastKnownFileType = sourcecode.swift; path = PlainCell.swift; sourceTree = "<group>"; };
		342830F5292E1ACA00AE811B /* PlainItemViewModel.swift */ = {isa = PBXFileReference; lastKnownFileType = sourcecode.swift; path = PlainItemViewModel.swift; sourceTree = "<group>"; };
		342830F7292E1B7400AE811B /* PlainField.swift */ = {isa = PBXFileReference; lastKnownFileType = sourcecode.swift; path = PlainField.swift; sourceTree = "<group>"; };
		342830FA292E2A5F00AE811B /* NavigateItemViewModel.swift */ = {isa = PBXFileReference; lastKnownFileType = sourcecode.swift; path = NavigateItemViewModel.swift; sourceTree = "<group>"; };
		342830FC292E2AF200AE811B /* NavigateField.swift */ = {isa = PBXFileReference; lastKnownFileType = sourcecode.swift; path = NavigateField.swift; sourceTree = "<group>"; };
		342830FE292E2B2A00AE811B /* NavigateCell.swift */ = {isa = PBXFileReference; lastKnownFileType = sourcecode.swift; path = NavigateCell.swift; sourceTree = "<group>"; };
		34283100292E2D7A00AE811B /* ToggleItemViewModel.swift */ = {isa = PBXFileReference; lastKnownFileType = sourcecode.swift; path = ToggleItemViewModel.swift; sourceTree = "<group>"; };
		34283102292E2D9B00AE811B /* ToggleCell.swift */ = {isa = PBXFileReference; lastKnownFileType = sourcecode.swift; path = ToggleCell.swift; sourceTree = "<group>"; };
		34283104292E2E3F00AE811B /* ToggleField.swift */ = {isa = PBXFileReference; lastKnownFileType = sourcecode.swift; path = ToggleField.swift; sourceTree = "<group>"; };
		3449AD5A2922164B00B87619 /* Quest.swift */ = {isa = PBXFileReference; lastKnownFileType = sourcecode.swift; path = Quest.swift; sourceTree = "<group>"; };
		3449AD5C2922197000B87619 /* User.swift */ = {isa = PBXFileReference; lastKnownFileType = sourcecode.swift; path = User.swift; sourceTree = "<group>"; };
		3449AD5F29222B3900B87619 /* UserInfoCell.swift */ = {isa = PBXFileReference; lastKnownFileType = sourcecode.swift; path = UserInfoCell.swift; sourceTree = "<group>"; };
		34642AB52925D9E40052FA0E /* UserInfoView.swift */ = {isa = PBXFileReference; fileEncoding = 4; lastKnownFileType = sourcecode.swift; path = UserInfoView.swift; sourceTree = "<group>"; };
		347D258A292C60F40038FCA2 /* StatusView.swift */ = {isa = PBXFileReference; lastKnownFileType = sourcecode.swift; path = StatusView.swift; sourceTree = "<group>"; };
		347D258C292C6E220038FCA2 /* MessageBubble.swift */ = {isa = PBXFileReference; lastKnownFileType = sourcecode.swift; path = MessageBubble.swift; sourceTree = "<group>"; };
		34874A9F292509A4000570DF /* QuestViewHeader.swift */ = {isa = PBXFileReference; lastKnownFileType = sourcecode.swift; path = QuestViewHeader.swift; sourceTree = "<group>"; };
		34874AA129250C43000570DF /* UIButton+.swift */ = {isa = PBXFileReference; lastKnownFileType = sourcecode.swift; path = "UIButton+.swift"; sourceTree = "<group>"; };
		34874AA529252088000570DF /* AddQuestsViewController.swift */ = {isa = PBXFileReference; lastKnownFileType = sourcecode.swift; path = AddQuestsViewController.swift; sourceTree = "<group>"; };
		349955112923220E007AB99E /* SwiftUIPreview.swift */ = {isa = PBXFileReference; lastKnownFileType = sourcecode.swift; path = SwiftUIPreview.swift; sourceTree = "<group>"; };
		3499551429232533007AB99E /* UIColor+.swift */ = {isa = PBXFileReference; lastKnownFileType = sourcecode.swift; path = "UIColor+.swift"; sourceTree = "<group>"; };
		3499551D29233DEF007AB99E /* QuestCell.swift */ = {isa = PBXFileReference; lastKnownFileType = sourcecode.swift; path = QuestCell.swift; sourceTree = "<group>"; };
		3499551F29234637007AB99E /* CustomProgressBar.swift */ = {isa = PBXFileReference; lastKnownFileType = sourcecode.swift; path = CustomProgressBar.swift; sourceTree = "<group>"; };
		3499552229234D5F007AB99E /* BrowseCell.swift */ = {isa = PBXFileReference; lastKnownFileType = sourcecode.swift; path = BrowseCell.swift; sourceTree = "<group>"; };
		3499552629235D1E007AB99E /* BrowseItemViewModel.swift */ = {isa = PBXFileReference; lastKnownFileType = sourcecode.swift; path = BrowseItemViewModel.swift; sourceTree = "<group>"; };
		349955282923600A007AB99E /* BrowseViewController.swift */ = {isa = PBXFileReference; lastKnownFileType = sourcecode.swift; path = BrowseViewController.swift; sourceTree = "<group>"; };
		3499552A29236041007AB99E /* BrowseViewModel.swift */ = {isa = PBXFileReference; lastKnownFileType = sourcecode.swift; path = BrowseViewModel.swift; sourceTree = "<group>"; };
		34A529D029247880001BAD34 /* Coordinator.swift */ = {isa = PBXFileReference; lastKnownFileType = sourcecode.swift; path = Coordinator.swift; sourceTree = "<group>"; };
		34A529D229247903001BAD34 /* TabCoordinator.swift */ = {isa = PBXFileReference; lastKnownFileType = sourcecode.swift; path = TabCoordinator.swift; sourceTree = "<group>"; };
		34A529D429247932001BAD34 /* AppCoordinator.swift */ = {isa = PBXFileReference; lastKnownFileType = sourcecode.swift; path = AppCoordinator.swift; sourceTree = "<group>"; };
		34A529D729247A87001BAD34 /* HomeCoordinator.swift */ = {isa = PBXFileReference; lastKnownFileType = sourcecode.swift; path = HomeCoordinator.swift; sourceTree = "<group>"; };
		34A529D929247B9C001BAD34 /* AppDIContainer.swift */ = {isa = PBXFileReference; lastKnownFileType = sourcecode.swift; path = AppDIContainer.swift; sourceTree = "<group>"; };
		34A529DB29247BB6001BAD34 /* HomeSceneDIContainer.swift */ = {isa = PBXFileReference; lastKnownFileType = sourcecode.swift; path = HomeSceneDIContainer.swift; sourceTree = "<group>"; };
		34A529DF29247F1F001BAD34 /* HomeViewController.swift */ = {isa = PBXFileReference; lastKnownFileType = sourcecode.swift; path = HomeViewController.swift; sourceTree = "<group>"; };
		34A529E12924816A001BAD34 /* BrowseSceneDIContainer.swift */ = {isa = PBXFileReference; lastKnownFileType = sourcecode.swift; path = BrowseSceneDIContainer.swift; sourceTree = "<group>"; };
		34A529E329248178001BAD34 /* SettingsSceneDIContainer.swift */ = {isa = PBXFileReference; lastKnownFileType = sourcecode.swift; path = SettingsSceneDIContainer.swift; sourceTree = "<group>"; };
		34A529E6292481E1001BAD34 /* BrowseCoordinator.swift */ = {isa = PBXFileReference; lastKnownFileType = sourcecode.swift; path = BrowseCoordinator.swift; sourceTree = "<group>"; };
		34A529E829248B58001BAD34 /* AppAppearance.swift */ = {isa = PBXFileReference; lastKnownFileType = sourcecode.swift; path = AppAppearance.swift; sourceTree = "<group>"; };
		34ACC329291DE9C000741371 /* DailyQuest.app */ = {isa = PBXFileReference; explicitFileType = wrapper.application; includeInIndex = 0; path = DailyQuest.app; sourceTree = BUILT_PRODUCTS_DIR; };
		34ACC32C291DE9C000741371 /* AppDelegate.swift */ = {isa = PBXFileReference; lastKnownFileType = sourcecode.swift; path = AppDelegate.swift; sourceTree = "<group>"; };
		34ACC32E291DE9C000741371 /* SceneDelegate.swift */ = {isa = PBXFileReference; lastKnownFileType = sourcecode.swift; path = SceneDelegate.swift; sourceTree = "<group>"; };
		34ACC335291DE9C100741371 /* Assets.xcassets */ = {isa = PBXFileReference; lastKnownFileType = folder.assetcatalog; path = Assets.xcassets; sourceTree = "<group>"; };
		34ACC338291DE9C100741371 /* Base */ = {isa = PBXFileReference; lastKnownFileType = file.storyboard; name = Base; path = Base.lproj/LaunchScreen.storyboard; sourceTree = "<group>"; };
		34ACC33A291DE9C100741371 /* Info.plist */ = {isa = PBXFileReference; lastKnownFileType = text.plist.xml; path = Info.plist; sourceTree = "<group>"; };
		34ACC33F291DE9C100741371 /* DailyQuestTests.xctest */ = {isa = PBXFileReference; explicitFileType = wrapper.cfbundle; includeInIndex = 0; path = DailyQuestTests.xctest; sourceTree = BUILT_PRODUCTS_DIR; };
		34ACC349291DE9C100741371 /* DailyQuestUITests.xctest */ = {isa = PBXFileReference; explicitFileType = wrapper.cfbundle; includeInIndex = 0; path = DailyQuestUITests.xctest; sourceTree = BUILT_PRODUCTS_DIR; };
		34ACC34D291DE9C100741371 /* DailyQuestUITests.swift */ = {isa = PBXFileReference; lastKnownFileType = sourcecode.swift; path = DailyQuestUITests.swift; sourceTree = "<group>"; };
		34ACC34F291DE9C100741371 /* DailyQuestUITestsLaunchTests.swift */ = {isa = PBXFileReference; lastKnownFileType = sourcecode.swift; path = DailyQuestUITestsLaunchTests.swift; sourceTree = "<group>"; };
		34CAE317292B19A3007653AD /* QuestsRepository.swift */ = {isa = PBXFileReference; lastKnownFileType = sourcecode.swift; path = QuestsRepository.swift; sourceTree = "<group>"; };
		34D8360029359C8A001DE9DF /* BrowseRepository.swift */ = {isa = PBXFileReference; lastKnownFileType = sourcecode.swift; path = BrowseRepository.swift; sourceTree = "<group>"; };
		34EC71CF292DF0B5004813CB /* GoogleService-Info.plist */ = {isa = PBXFileReference; fileEncoding = 4; lastKnownFileType = text.plist.xml; path = "GoogleService-Info.plist"; sourceTree = "<group>"; };
		34EE6EB62924C674005AF583 /* QuestView.swift */ = {isa = PBXFileReference; lastKnownFileType = sourcecode.swift; path = QuestView.swift; sourceTree = "<group>"; };
		34EE6EB82924CAA1005AF583 /* QuestViewModel.swift */ = {isa = PBXFileReference; lastKnownFileType = sourcecode.swift; path = QuestViewModel.swift; sourceTree = "<group>"; };
		9B1CFB3E292B585700CCE97A /* QuestDTO+Mapping.swift */ = {isa = PBXFileReference; lastKnownFileType = sourcecode.swift; path = "QuestDTO+Mapping.swift"; sourceTree = "<group>"; };
		A50DE905292B53D900E1FD60 /* DefaultQuestsRepository.swift */ = {isa = PBXFileReference; lastKnownFileType = sourcecode.swift; path = DefaultQuestsRepository.swift; sourceTree = "<group>"; };
		A50DE910292B74C500E1FD60 /* DTO.swift */ = {isa = PBXFileReference; lastKnownFileType = sourcecode.swift; path = DTO.swift; sourceTree = "<group>"; };
		A50F9A3329266F45005C00FE /* NetworkService.swift */ = {isa = PBXFileReference; lastKnownFileType = sourcecode.swift; path = NetworkService.swift; sourceTree = "<group>"; };
		A50F9A3629266F6F005C00FE /* FirebaseService.swift */ = {isa = PBXFileReference; lastKnownFileType = sourcecode.swift; path = FirebaseService.swift; sourceTree = "<group>"; };
		A50F9A3829266FD8005C00FE /* Date+.swift */ = {isa = PBXFileReference; lastKnownFileType = sourcecode.swift; path = "Date+.swift"; sourceTree = "<group>"; };
		A50F9A3E292679BC005C00FE /* NetworkConfigure.swift */ = {isa = PBXFileReference; lastKnownFileType = sourcecode.swift; path = NetworkConfigure.swift; sourceTree = "<group>"; };
		A51189C229226E66008A9D33 /* QuestEntity+Mapping.swift */ = {isa = PBXFileReference; lastKnownFileType = sourcecode.swift; path = "QuestEntity+Mapping.swift"; sourceTree = "<group>"; };
		A517A84529349D91005CB1E8 /* DefaultAuthRepository.swift */ = {isa = PBXFileReference; lastKnownFileType = sourcecode.swift; path = DefaultAuthRepository.swift; sourceTree = "<group>"; };
		A51F01C72923392F0031ECA2 /* UserInfoStorage.swift */ = {isa = PBXFileReference; lastKnownFileType = sourcecode.swift; path = UserInfoStorage.swift; sourceTree = "<group>"; };
		A51F01C92923397E0031ECA2 /* UserInfoEntity.swift */ = {isa = PBXFileReference; lastKnownFileType = sourcecode.swift; path = UserInfoEntity.swift; sourceTree = "<group>"; };
		A51F01CC29233ABB0031ECA2 /* RealmUserInfoStorage.swift */ = {isa = PBXFileReference; lastKnownFileType = sourcecode.swift; path = RealmUserInfoStorage.swift; sourceTree = "<group>"; };
		A51F01CF29233C510031ECA2 /* UserInfoEntity+Mapping.swift */ = {isa = PBXFileReference; lastKnownFileType = sourcecode.swift; path = "UserInfoEntity+Mapping.swift"; sourceTree = "<group>"; };
		A51F01D2292340360031ECA2 /* BrowseQuestsStorage.swift */ = {isa = PBXFileReference; lastKnownFileType = sourcecode.swift; path = BrowseQuestsStorage.swift; sourceTree = "<group>"; };
		A51F01D42923407E0031ECA2 /* BrowseQuestEntity.swift */ = {isa = PBXFileReference; lastKnownFileType = sourcecode.swift; path = BrowseQuestEntity.swift; sourceTree = "<group>"; };
		A51F01D7292343A80031ECA2 /* RealmBrowseQuestsStorage.swift */ = {isa = PBXFileReference; lastKnownFileType = sourcecode.swift; path = RealmBrowseQuestsStorage.swift; sourceTree = "<group>"; };
		A51F01D9292345990031ECA2 /* BrowseQuest.swift */ = {isa = PBXFileReference; lastKnownFileType = sourcecode.swift; path = BrowseQuest.swift; sourceTree = "<group>"; };
		A51F01DC2923468F0031ECA2 /* BrowseQuestEntity+Mapping.swift */ = {isa = PBXFileReference; lastKnownFileType = sourcecode.swift; path = "BrowseQuestEntity+Mapping.swift"; sourceTree = "<group>"; };
		A5656458292BBDD40033E763 /* String+.swift */ = {isa = PBXFileReference; lastKnownFileType = sourcecode.swift; path = "String+.swift"; sourceTree = "<group>"; };
		A5AC96D829223648003B7637 /* RealmStorage.swift */ = {isa = PBXFileReference; lastKnownFileType = sourcecode.swift; path = RealmStorage.swift; sourceTree = "<group>"; };
		A5AC96DB292237C3003B7637 /* QuestEntity.swift */ = {isa = PBXFileReference; lastKnownFileType = sourcecode.swift; path = QuestEntity.swift; sourceTree = "<group>"; };
		A5AC96E529223F06003B7637 /* QuestsStorage.swift */ = {isa = PBXFileReference; lastKnownFileType = sourcecode.swift; path = QuestsStorage.swift; sourceTree = "<group>"; };
		A5AC96E729223F27003B7637 /* RealmQuestsStorage.swift */ = {isa = PBXFileReference; lastKnownFileType = sourcecode.swift; path = RealmQuestsStorage.swift; sourceTree = "<group>"; };
		B50078D529222F3F0070AFC4 /* CircleCheckView.swift */ = {isa = PBXFileReference; lastKnownFileType = sourcecode.swift; path = CircleCheckView.swift; sourceTree = "<group>"; };
		B58DFC0929227DA800C68A4B /* CalendarCell.swift */ = {isa = PBXFileReference; lastKnownFileType = sourcecode.swift; path = CalendarCell.swift; sourceTree = "<group>"; };
/* End PBXFileReference section */

/* Begin PBXFrameworksBuildPhase section */
		34ACC326291DE9C000741371 /* Frameworks */ = {
			isa = PBXFrameworksBuildPhase;
			buildActionMask = 2147483647;
			files = (
				A50DE90B292B73B900E1FD60 /* FirebaseDatabaseSwift in Frameworks */,
				3409154B292DE5CC007873A8 /* FirebaseAuth in Frameworks */,
				34091551292DE5CC007873A8 /* FirebaseStorage in Frameworks */,
				A5AC96DF292239CA003B7637 /* RealmSwift in Frameworks */,
				34FF6C5D292B8B27002AFD4D /* RxCocoa in Frameworks */,
				34EC71CE292DEFBF004813CB /* Lottie in Frameworks */,
				3413139C291E480500E607E1 /* SnapKit in Frameworks */,
				34FF6C5F292B8B27002AFD4D /* RxSwift in Frameworks */,
				34FEFB992935EA6D00954A40 /* Kingfisher in Frameworks */,
				3409154D292DE5CC007873A8 /* FirebaseFirestore in Frameworks */,
				3409154F292DE5CC007873A8 /* FirebaseFirestoreSwift in Frameworks */,
			);
			runOnlyForDeploymentPostprocessing = 0;
		};
		34ACC33C291DE9C100741371 /* Frameworks */ = {
			isa = PBXFrameworksBuildPhase;
			buildActionMask = 2147483647;
			files = (
				34FF6C64292B8C26002AFD4D /* RxCocoa-Dynamic in Frameworks */,
				34FF6C5A292B86F8002AFD4D /* SnapKit-Dynamic in Frameworks */,
			);
			runOnlyForDeploymentPostprocessing = 0;
		};
		34ACC346291DE9C100741371 /* Frameworks */ = {
			isa = PBXFrameworksBuildPhase;
			buildActionMask = 2147483647;
			files = (
			);
			runOnlyForDeploymentPostprocessing = 0;
		};
/* End PBXFrameworksBuildPhase section */

/* Begin PBXGroup section */
		340FDFD8292B61C200C4E3DC /* Presentation */ = {
			isa = PBXGroup;
			children = (
				340FDFDC292B7A1A00C4E3DC /* Mocks */,
				340FDFD9292B7A0200C4E3DC /* ViewModel */,
			);
			path = Presentation;
			sourceTree = "<group>";
		};
		340FDFD9292B7A0200C4E3DC /* ViewModel */ = {
			isa = PBXGroup;
			children = (
				340FDFDA292B7A1500C4E3DC /* QuestViewModelTests.swift */,
			);
			path = ViewModel;
			sourceTree = "<group>";
		};
		340FDFDC292B7A1A00C4E3DC /* Mocks */ = {
			isa = PBXGroup;
			children = (
				340FDFDD292B7A2C00C4E3DC /* QuestUseCaseMock.swift */,
			);
			path = Mocks;
			sourceTree = "<group>";
		};
		34113BE62934916B00AB4919 /* ViewModel */ = {
			isa = PBXGroup;
			children = (
				34113BE72934917500AB4919 /* AuthViewModel.swift */,
			);
			path = ViewModel;
			sourceTree = "<group>";
		};
		3416FC85292B549900B504C5 /* Home */ = {
			isa = PBXGroup;
			children = (
				3416FC86292B54BF00B504C5 /* Protocols */,
				3416FC89292B560800B504C5 /* DefaultQuestUseCase.swift */,
			);
			path = Home;
			sourceTree = "<group>";
		};
		3416FC86292B54BF00B504C5 /* Protocols */ = {
			isa = PBXGroup;
			children = (
				3416FC87292B54DB00B504C5 /* QuestUseCase.swift */,
			);
			path = Protocols;
			sourceTree = "<group>";
		};
		3416FC8B292B58F600B504C5 /* Domain */ = {
			isa = PBXGroup;
			children = (
				3416FC91292B59C700B504C5 /* Mocks */,
				3416FC90292B59BB00B504C5 /* UseCases */,
			);
			path = Domain;
			sourceTree = "<group>";
		};
		3416FC8C292B592C00B504C5 /* Mocks */ = {
			isa = PBXGroup;
			children = (
				3416FC8D292B593C00B504C5 /* Quest+Stub.swift */,
			);
			path = Mocks;
			sourceTree = "<group>";
		};
		3416FC90292B59BB00B504C5 /* UseCases */ = {
			isa = PBXGroup;
			children = (
				3416FC94292B5AD600B504C5 /* QuestUseCaseTests.swift */,
			);
			path = UseCases;
			sourceTree = "<group>";
		};
		3416FC91292B59C700B504C5 /* Mocks */ = {
			isa = PBXGroup;
			children = (
				3416FC92292B59D300B504C5 /* QuestRepositoryMock.swift */,
			);
			path = Mocks;
			sourceTree = "<group>";
		};
		3417B13F2935DA1500900454 /* Browse */ = {
			isa = PBXGroup;
			children = (
				3417B1412935DA2400900454 /* Protocols */,
				3417B1452935DA9D00900454 /* DefaultBrowseUseCase.swift */,
			);
			path = Browse;
			sourceTree = "<group>";
		};
		3417B1402935DA1B00900454 /* Settings */ = {
			isa = PBXGroup;
			children = (
				3417B1422935DA2E00900454 /* Protocols */,
			);
			path = Settings;
			sourceTree = "<group>";
		};
		3417B1412935DA2400900454 /* Protocols */ = {
			isa = PBXGroup;
			children = (
				3417B1432935DA4A00900454 /* BrowseUseCase.swift */,
			);
			path = Protocols;
			sourceTree = "<group>";
		};
		3417B1422935DA2E00900454 /* Protocols */ = {
			isa = PBXGroup;
			children = (
				340A724829348B1B00B26AA6 /* AuthUseCase.swift */,
			);
			path = Protocols;
			sourceTree = "<group>";
		};
		342830A5292E0F8600AE811B /* ViewController */ = {
			isa = PBXGroup;
			children = (
				342830A9292E12C700AE811B /* SettingsViewController.swift */,
				34113BEA2934A3B200AB4919 /* LoginViewController.swift */,
			);
			path = ViewController;
			sourceTree = "<group>";
		};
		342830A6292E0F9100AE811B /* Flow */ = {
			isa = PBXGroup;
			children = (
				342830A7292E0FAC00AE811B /* SettingsCoordinator.swift */,
			);
			path = Flow;
			sourceTree = "<group>";
		};
		342830ED292E189A00AE811B /* View */ = {
			isa = PBXGroup;
			children = (
				342830F0292E195100AE811B /* PlainField */,
				342830EF292E194B00AE811B /* ToggleField */,
				342830EE292E192C00AE811B /* NavigateField */,
				342830F1292E196E00AE811B /* CommonField.swift */,
			);
			path = View;
			sourceTree = "<group>";
		};
		342830EE292E192C00AE811B /* NavigateField */ = {
			isa = PBXGroup;
			children = (
				342830FA292E2A5F00AE811B /* NavigateItemViewModel.swift */,
				342830FC292E2AF200AE811B /* NavigateField.swift */,
				342830FE292E2B2A00AE811B /* NavigateCell.swift */,
			);
			path = NavigateField;
			sourceTree = "<group>";
		};
		342830EF292E194B00AE811B /* ToggleField */ = {
			isa = PBXGroup;
			children = (
				34283100292E2D7A00AE811B /* ToggleItemViewModel.swift */,
				34283102292E2D9B00AE811B /* ToggleCell.swift */,
				34283104292E2E3F00AE811B /* ToggleField.swift */,
			);
			path = ToggleField;
			sourceTree = "<group>";
		};
		342830F0292E195100AE811B /* PlainField */ = {
			isa = PBXGroup;
			children = (
				342830F3292E19B700AE811B /* PlainCell.swift */,
				342830F5292E1ACA00AE811B /* PlainItemViewModel.swift */,
				342830F7292E1B7400AE811B /* PlainField.swift */,
			);
			path = PlainField;
			sourceTree = "<group>";
		};
		3449AD592922162E00B87619 /* Entities */ = {
			isa = PBXGroup;
			children = (
				A51F01D9292345990031ECA2 /* BrowseQuest.swift */,
				3449AD5A2922164B00B87619 /* Quest.swift */,
				3449AD5C2922197000B87619 /* User.swift */,
			);
			path = Entities;
			sourceTree = "<group>";
		};
		3449AD5E292219D600B87619 /* Common */ = {
			isa = PBXGroup;
			children = (
				3499551C292332DE007AB99E /* Cells */,
				B50078D529222F3F0070AFC4 /* CircleCheckView.swift */,
				3499551F29234637007AB99E /* CustomProgressBar.swift */,
				34113BEC2934BD3D00AB4919 /* TextFieldForm.swift */,
			);
			path = Common;
			sourceTree = "<group>";
		};
		34642AB42925D9E40052FA0E /* View */ = {
			isa = PBXGroup;
			children = (
				34642AB52925D9E40052FA0E /* UserInfoView.swift */,
				3499552229234D5F007AB99E /* BrowseCell.swift */,
			);
			path = View;
			sourceTree = "<group>";
		};
		34995510292321FD007AB99E /* Utils */ = {
			isa = PBXGroup;
			children = (
				349955112923220E007AB99E /* SwiftUIPreview.swift */,
				3499551429232533007AB99E /* UIColor+.swift */,
				34874AA129250C43000570DF /* UIButton+.swift */,
				A5656458292BBDD40033E763 /* String+.swift */,
				A50F9A3829266FD8005C00FE /* Date+.swift */,
			);
			path = Utils;
			sourceTree = "<group>";
		};
		3499551329232525007AB99E /* DIContainer */ = {
			isa = PBXGroup;
			children = (
				34A529D929247B9C001BAD34 /* AppDIContainer.swift */,
				34A529DB29247BB6001BAD34 /* HomeSceneDIContainer.swift */,
				34A529E12924816A001BAD34 /* BrowseSceneDIContainer.swift */,
				34A529E329248178001BAD34 /* SettingsSceneDIContainer.swift */,
			);
			path = DIContainer;
			sourceTree = "<group>";
		};
		34995516292329F4007AB99E /* UseCases */ = {
			isa = PBXGroup;
			children = (
				3417B1402935DA1B00900454 /* Settings */,
				340A724A29348C2200B26AA6 /* DefaultAuthUseCase.swift */,
				3417B13F2935DA1500900454 /* Browse */,
				3416FC85292B549900B504C5 /* Home */,
			);
			path = UseCases;
			sourceTree = "<group>";
		};
		34995517292329FA007AB99E /* Interfaces */ = {
			isa = PBXGroup;
			children = (
				3499551829232A05007AB99E /* Repositories */,
			);
			path = Interfaces;
			sourceTree = "<group>";
		};
		3499551829232A05007AB99E /* Repositories */ = {
			isa = PBXGroup;
			children = (
				34CAE317292B19A3007653AD /* QuestsRepository.swift */,
				340A7245293455CE00B26AA6 /* AuthRepository.swift */,
				34D8360029359C8A001DE9DF /* BrowseRepository.swift */,
			);
			path = Repositories;
			sourceTree = "<group>";
		};
		34995519292332A9007AB99E /* Home */ = {
			isa = PBXGroup;
			children = (
				34EE6EB52924C657005AF583 /* View */,
				34A529DE29247F13001BAD34 /* ViewModel */,
				34A529DD29247F0C001BAD34 /* ViewController */,
				34A529D629247A52001BAD34 /* Flow */,
			);
			path = Home;
			sourceTree = "<group>";
		};
		3499551A292332B2007AB99E /* Browse */ = {
			isa = PBXGroup;
			children = (
				34642AB42925D9E40052FA0E /* View */,
				3499552429235034007AB99E /* ViewController */,
				349955252923503C007AB99E /* ViewModel */,
				34A529E5292481C9001BAD34 /* Flow */,
			);
			path = Browse;
			sourceTree = "<group>";
		};
		3499551B292332B8007AB99E /* Settings */ = {
			isa = PBXGroup;
			children = (
				34113BE62934916B00AB4919 /* ViewModel */,
				342830ED292E189A00AE811B /* View */,
				342830A5292E0F8600AE811B /* ViewController */,
				342830A6292E0F9100AE811B /* Flow */,
			);
			path = Settings;
			sourceTree = "<group>";
		};
		3499551C292332DE007AB99E /* Cells */ = {
			isa = PBXGroup;
			children = (
				B58DFC0929227DA800C68A4B /* CalendarCell.swift */,
				3449AD5F29222B3900B87619 /* UserInfoCell.swift */,
				3499551D29233DEF007AB99E /* QuestCell.swift */,
			);
			path = Cells;
			sourceTree = "<group>";
		};
		3499552429235034007AB99E /* ViewController */ = {
			isa = PBXGroup;
			children = (
				349955282923600A007AB99E /* BrowseViewController.swift */,
			);
			path = ViewController;
			sourceTree = "<group>";
		};
		349955252923503C007AB99E /* ViewModel */ = {
			isa = PBXGroup;
			children = (
				3499552629235D1E007AB99E /* BrowseItemViewModel.swift */,
				3499552A29236041007AB99E /* BrowseViewModel.swift */,
			);
			path = ViewModel;
			sourceTree = "<group>";
		};
		34A529CF29247875001BAD34 /* Protocols */ = {
			isa = PBXGroup;
			children = (
				34A529D029247880001BAD34 /* Coordinator.swift */,
				34A529D229247903001BAD34 /* TabCoordinator.swift */,
			);
			path = Protocols;
			sourceTree = "<group>";
		};
		34A529D629247A52001BAD34 /* Flow */ = {
			isa = PBXGroup;
			children = (
				34A529D729247A87001BAD34 /* HomeCoordinator.swift */,
			);
			path = Flow;
			sourceTree = "<group>";
		};
		34A529DD29247F0C001BAD34 /* ViewController */ = {
			isa = PBXGroup;
			children = (
				34A529DF29247F1F001BAD34 /* HomeViewController.swift */,
				34874AA529252088000570DF /* AddQuestsViewController.swift */,
			);
			path = ViewController;
			sourceTree = "<group>";
		};
		34A529DE29247F13001BAD34 /* ViewModel */ = {
			isa = PBXGroup;
			children = (
				34EE6EB82924CAA1005AF583 /* QuestViewModel.swift */,
			);
			path = ViewModel;
			sourceTree = "<group>";
		};
		34A529E5292481C9001BAD34 /* Flow */ = {
			isa = PBXGroup;
			children = (
				34A529E6292481E1001BAD34 /* BrowseCoordinator.swift */,
			);
			path = Flow;
			sourceTree = "<group>";
		};
		34ACC320291DE9C000741371 = {
			isa = PBXGroup;
			children = (
				34ACC32B291DE9C000741371 /* DailyQuest */,
				34ACC342291DE9C100741371 /* DailyQuestTests */,
				34ACC34C291DE9C100741371 /* DailyQuestUITests */,
				34ACC32A291DE9C000741371 /* Products */,
				34FF6BF3292B7FF7002AFD4D /* Frameworks */,
			);
			sourceTree = "<group>";
		};
		34ACC32A291DE9C000741371 /* Products */ = {
			isa = PBXGroup;
			children = (
				34ACC329291DE9C000741371 /* DailyQuest.app */,
				34ACC33F291DE9C100741371 /* DailyQuestTests.xctest */,
				34ACC349291DE9C100741371 /* DailyQuestUITests.xctest */,
			);
			name = Products;
			sourceTree = "<group>";
		};
		34ACC32B291DE9C000741371 /* DailyQuest */ = {
			isa = PBXGroup;
			children = (
				34ACC367291DF00B00741371 /* Application */,
				34ACC368291DF02500741371 /* Presentation */,
				34ACC369291DF03600741371 /* Domain */,
				34ACC36A291DF04000741371 /* Data */,
				A50F9A3229266F26005C00FE /* Infrastructure */,
				34995510292321FD007AB99E /* Utils */,
				34ACC335291DE9C100741371 /* Assets.xcassets */,
				34ACC337291DE9C100741371 /* LaunchScreen.storyboard */,
				34EC71CF292DF0B5004813CB /* GoogleService-Info.plist */,
				34ACC33A291DE9C100741371 /* Info.plist */,
			);
			path = DailyQuest;
			sourceTree = "<group>";
		};
		34ACC342291DE9C100741371 /* DailyQuestTests */ = {
			isa = PBXGroup;
			children = (
				340FDFD8292B61C200C4E3DC /* Presentation */,
				3416FC8B292B58F600B504C5 /* Domain */,
				3416FC8C292B592C00B504C5 /* Mocks */,
			);
			path = DailyQuestTests;
			sourceTree = "<group>";
		};
		34ACC34C291DE9C100741371 /* DailyQuestUITests */ = {
			isa = PBXGroup;
			children = (
				34ACC34D291DE9C100741371 /* DailyQuestUITests.swift */,
				34ACC34F291DE9C100741371 /* DailyQuestUITestsLaunchTests.swift */,
			);
			path = DailyQuestUITests;
			sourceTree = "<group>";
		};
		34ACC367291DF00B00741371 /* Application */ = {
			isa = PBXGroup;
			children = (
				34A529CF29247875001BAD34 /* Protocols */,
				3499551329232525007AB99E /* DIContainer */,
				34ACC32C291DE9C000741371 /* AppDelegate.swift */,
				34ACC32E291DE9C000741371 /* SceneDelegate.swift */,
				34A529D429247932001BAD34 /* AppCoordinator.swift */,
				34A529E829248B58001BAD34 /* AppAppearance.swift */,
			);
			path = Application;
			sourceTree = "<group>";
		};
		34ACC368291DF02500741371 /* Presentation */ = {
			isa = PBXGroup;
			children = (
				3499551B292332B8007AB99E /* Settings */,
				3499551A292332B2007AB99E /* Browse */,
				34995519292332A9007AB99E /* Home */,
				3449AD5E292219D600B87619 /* Common */,
			);
			path = Presentation;
			sourceTree = "<group>";
		};
		34ACC369291DF03600741371 /* Domain */ = {
			isa = PBXGroup;
			children = (
				34995517292329FA007AB99E /* Interfaces */,
				34995516292329F4007AB99E /* UseCases */,
				3449AD592922162E00B87619 /* Entities */,
			);
			path = Domain;
			sourceTree = "<group>";
		};
		34ACC36A291DF04000741371 /* Data */ = {
			isa = PBXGroup;
			children = (
				9B1CFB3C292B580C00CCE97A /* Network */,
				A5AC96D42922356E003B7637 /* Repositories */,
				A5AC96D62922359F003B7637 /* PersistentStorages */,
			);
			path = Data;
			sourceTree = "<group>";
		};
		34EE6EB52924C657005AF583 /* View */ = {
			isa = PBXGroup;
			children = (
				34EE6EB62924C674005AF583 /* QuestView.swift */,
				34874A9F292509A4000570DF /* QuestViewHeader.swift */,
				347D258A292C60F40038FCA2 /* StatusView.swift */,
				347D258C292C6E220038FCA2 /* MessageBubble.swift */,
			);
			path = View;
			sourceTree = "<group>";
		};
		34FF6BF3292B7FF7002AFD4D /* Frameworks */ = {
			isa = PBXGroup;
			children = (
			);
			name = Frameworks;
			sourceTree = "<group>";
		};
		9B1CFB3C292B580C00CCE97A /* Network */ = {
			isa = PBXGroup;
			children = (
				9B1CFB3D292B581D00CCE97A /* DataMapping */,
			);
			path = Network;
			sourceTree = "<group>";
		};
		9B1CFB3D292B581D00CCE97A /* DataMapping */ = {
			isa = PBXGroup;
			children = (
				9B1CFB3E292B585700CCE97A /* QuestDTO+Mapping.swift */,
				A50DE910292B74C500E1FD60 /* DTO.swift */,
			);
			path = DataMapping;
			sourceTree = "<group>";
		};
		A50F9A3229266F26005C00FE /* Infrastructure */ = {
			isa = PBXGroup;
			children = (
				A50F9A3329266F45005C00FE /* NetworkService.swift */,
				A50F9A3E292679BC005C00FE /* NetworkConfigure.swift */,
				A50F9A3529266F5C005C00FE /* FirebaseService */,
			);
			path = Infrastructure;
			sourceTree = "<group>";
		};
		A50F9A3529266F5C005C00FE /* FirebaseService */ = {
			isa = PBXGroup;
			children = (
				A50F9A3629266F6F005C00FE /* FirebaseService.swift */,
			);
			path = FirebaseService;
			sourceTree = "<group>";
		};
		A51189C029226DF7008A9D33 /* RealmStorage */ = {
			isa = PBXGroup;
			children = (
				A5AC96E729223F27003B7637 /* RealmQuestsStorage.swift */,
				A51189C129226E26008A9D33 /* EntityMapping */,
			);
			path = RealmStorage;
			sourceTree = "<group>";
		};
		A51189C129226E26008A9D33 /* EntityMapping */ = {
			isa = PBXGroup;
			children = (
				A51189C229226E66008A9D33 /* QuestEntity+Mapping.swift */,
			);
			path = EntityMapping;
			sourceTree = "<group>";
		};
		A51F01C629232DF90031ECA2 /* UserInfoStorage */ = {
			isa = PBXGroup;
			children = (
				A51F01C72923392F0031ECA2 /* UserInfoStorage.swift */,
				A51F01CB292339DB0031ECA2 /* RealmStorage */,
			);
			path = UserInfoStorage;
			sourceTree = "<group>";
		};
		A51F01CB292339DB0031ECA2 /* RealmStorage */ = {
			isa = PBXGroup;
			children = (
				A51F01CC29233ABB0031ECA2 /* RealmUserInfoStorage.swift */,
				A51F01CE29233C3D0031ECA2 /* EntityMapping */,
			);
			path = RealmStorage;
			sourceTree = "<group>";
		};
		A51F01CE29233C3D0031ECA2 /* EntityMapping */ = {
			isa = PBXGroup;
			children = (
				A51F01CF29233C510031ECA2 /* UserInfoEntity+Mapping.swift */,
			);
			path = EntityMapping;
			sourceTree = "<group>";
		};
		A51F01D129233FFB0031ECA2 /* BrowseQuestsStorage */ = {
			isa = PBXGroup;
			children = (
				A51F01D2292340360031ECA2 /* BrowseQuestsStorage.swift */,
				A51F01D62923436F0031ECA2 /* RealmStorage */,
			);
			path = BrowseQuestsStorage;
			sourceTree = "<group>";
		};
		A51F01D62923436F0031ECA2 /* RealmStorage */ = {
			isa = PBXGroup;
			children = (
				A51F01D7292343A80031ECA2 /* RealmBrowseQuestsStorage.swift */,
				A51F01DB2923466D0031ECA2 /* EntityMapping */,
			);
			path = RealmStorage;
			sourceTree = "<group>";
		};
		A51F01DB2923466D0031ECA2 /* EntityMapping */ = {
			isa = PBXGroup;
			children = (
				A51F01DC2923468F0031ECA2 /* BrowseQuestEntity+Mapping.swift */,
			);
			path = EntityMapping;
			sourceTree = "<group>";
		};
		A5AC96D42922356E003B7637 /* Repositories */ = {
			isa = PBXGroup;
			children = (
				A50DE905292B53D900E1FD60 /* DefaultQuestsRepository.swift */,
				A517A84529349D91005CB1E8 /* DefaultAuthRepository.swift */,
			);
			path = Repositories;
			sourceTree = "<group>";
		};
		A5AC96D62922359F003B7637 /* PersistentStorages */ = {
			isa = PBXGroup;
			children = (
				A51F01C629232DF90031ECA2 /* UserInfoStorage */,
				A5AC96E429223EE6003B7637 /* QuestsStorage */,
				A51F01D129233FFB0031ECA2 /* BrowseQuestsStorage */,
				A5AC96D72922362A003B7637 /* RealmStorage */,
			);
			path = PersistentStorages;
			sourceTree = "<group>";
		};
		A5AC96D72922362A003B7637 /* RealmStorage */ = {
			isa = PBXGroup;
			children = (
				A5AC96DA2922377C003B7637 /* Entities */,
				A5AC96D829223648003B7637 /* RealmStorage.swift */,
			);
			path = RealmStorage;
			sourceTree = "<group>";
		};
		A5AC96DA2922377C003B7637 /* Entities */ = {
			isa = PBXGroup;
			children = (
				A5AC96DB292237C3003B7637 /* QuestEntity.swift */,
				A51F01C92923397E0031ECA2 /* UserInfoEntity.swift */,
				A51F01D42923407E0031ECA2 /* BrowseQuestEntity.swift */,
			);
			path = Entities;
			sourceTree = "<group>";
		};
		A5AC96E429223EE6003B7637 /* QuestsStorage */ = {
			isa = PBXGroup;
			children = (
				A5AC96E529223F06003B7637 /* QuestsStorage.swift */,
				A51189C029226DF7008A9D33 /* RealmStorage */,
			);
			path = QuestsStorage;
			sourceTree = "<group>";
		};
/* End PBXGroup section */

/* Begin PBXNativeTarget section */
		34ACC328291DE9C000741371 /* DailyQuest */ = {
			isa = PBXNativeTarget;
			buildConfigurationList = 34ACC353291DE9C100741371 /* Build configuration list for PBXNativeTarget "DailyQuest" */;
			buildPhases = (
				34ACC325291DE9C000741371 /* Sources */,
				34ACC326291DE9C000741371 /* Frameworks */,
				34ACC327291DE9C000741371 /* Resources */,
			);
			buildRules = (
			);
			dependencies = (
			);
			name = DailyQuest;
			packageProductDependencies = (
				3413139B291E480500E607E1 /* SnapKit */,
				A5AC96DE292239CA003B7637 /* RealmSwift */,
				34FF6C5C292B8B27002AFD4D /* RxCocoa */,
				34FF6C5E292B8B27002AFD4D /* RxSwift */,
				3409154A292DE5CC007873A8 /* FirebaseAuth */,
				3409154C292DE5CC007873A8 /* FirebaseFirestore */,
				3409154E292DE5CC007873A8 /* FirebaseFirestoreSwift */,
				34091550292DE5CC007873A8 /* FirebaseStorage */,
				34EC71CD292DEFBF004813CB /* Lottie */,
				34FEFB982935EA6D00954A40 /* Kingfisher */,
			);
			productName = DailyQuest;
			productReference = 34ACC329291DE9C000741371 /* DailyQuest.app */;
			productType = "com.apple.product-type.application";
		};
		34ACC33E291DE9C100741371 /* DailyQuestTests */ = {
			isa = PBXNativeTarget;
			buildConfigurationList = 34ACC356291DE9C100741371 /* Build configuration list for PBXNativeTarget "DailyQuestTests" */;
			buildPhases = (
				34ACC33B291DE9C100741371 /* Sources */,
				34ACC33C291DE9C100741371 /* Frameworks */,
				34ACC33D291DE9C100741371 /* Resources */,
				34FF6C2E292B8014002AFD4D /* Embed Frameworks */,
			);
			buildRules = (
			);
			dependencies = (
				34ACC341291DE9C100741371 /* PBXTargetDependency */,
			);
			name = DailyQuestTests;
			packageProductDependencies = (
				34FF6C46292B8014002AFD4D /* SnapKit-Dynamic */,
				34FF6C63292B8C26002AFD4D /* RxCocoa-Dynamic */,
			);
			productName = DailyQuestTests;
			productReference = 34ACC33F291DE9C100741371 /* DailyQuestTests.xctest */;
			productType = "com.apple.product-type.bundle.unit-test";
		};
		34ACC348291DE9C100741371 /* DailyQuestUITests */ = {
			isa = PBXNativeTarget;
			buildConfigurationList = 34ACC359291DE9C100741371 /* Build configuration list for PBXNativeTarget "DailyQuestUITests" */;
			buildPhases = (
				34ACC345291DE9C100741371 /* Sources */,
				34ACC346291DE9C100741371 /* Frameworks */,
				34ACC347291DE9C100741371 /* Resources */,
			);
			buildRules = (
			);
			dependencies = (
				34ACC34B291DE9C100741371 /* PBXTargetDependency */,
			);
			name = DailyQuestUITests;
			productName = DailyQuestUITests;
			productReference = 34ACC349291DE9C100741371 /* DailyQuestUITests.xctest */;
			productType = "com.apple.product-type.bundle.ui-testing";
		};
/* End PBXNativeTarget section */

/* Begin PBXProject section */
		34ACC321291DE9C000741371 /* Project object */ = {
			isa = PBXProject;
			attributes = {
				BuildIndependentTargetsInParallel = 1;
				LastSwiftUpdateCheck = 1410;
				LastUpgradeCheck = 1410;
				TargetAttributes = {
					34ACC328291DE9C000741371 = {
						CreatedOnToolsVersion = 14.1;
					};
					34ACC33E291DE9C100741371 = {
						CreatedOnToolsVersion = 14.1;
						TestTargetID = 34ACC328291DE9C000741371;
					};
					34ACC348291DE9C100741371 = {
						CreatedOnToolsVersion = 14.1;
						TestTargetID = 34ACC328291DE9C000741371;
					};
				};
			};
			buildConfigurationList = 34ACC324291DE9C000741371 /* Build configuration list for PBXProject "DailyQuest" */;
			compatibilityVersion = "Xcode 14.0";
			developmentRegion = en;
			hasScannedForEncodings = 0;
			knownRegions = (
				en,
				Base,
			);
			mainGroup = 34ACC320291DE9C000741371;
			packageReferences = (
				3413139A291E480500E607E1 /* XCRemoteSwiftPackageReference "SnapKit" */,
				A5AC96DD292239CA003B7637 /* XCRemoteSwiftPackageReference "realm-swift" */,
				34FF6C5B292B8B27002AFD4D /* XCRemoteSwiftPackageReference "RxSwift" */,
				34091549292DE5CC007873A8 /* XCRemoteSwiftPackageReference "firebase-ios-sdk" */,
				34EC71CC292DEFBF004813CB /* XCRemoteSwiftPackageReference "lottie-ios" */,
				34FEFB972935EA6D00954A40 /* XCRemoteSwiftPackageReference "Kingfisher" */,
			);
			productRefGroup = 34ACC32A291DE9C000741371 /* Products */;
			projectDirPath = "";
			projectRoot = "";
			targets = (
				34ACC328291DE9C000741371 /* DailyQuest */,
				34ACC33E291DE9C100741371 /* DailyQuestTests */,
				34ACC348291DE9C100741371 /* DailyQuestUITests */,
			);
		};
/* End PBXProject section */

/* Begin PBXResourcesBuildPhase section */
		34ACC327291DE9C000741371 /* Resources */ = {
			isa = PBXResourcesBuildPhase;
			buildActionMask = 2147483647;
			files = (
				34ACC339291DE9C100741371 /* LaunchScreen.storyboard in Resources */,
				34ACC336291DE9C100741371 /* Assets.xcassets in Resources */,
				34EC71D0292DF0B5004813CB /* GoogleService-Info.plist in Resources */,
			);
			runOnlyForDeploymentPostprocessing = 0;
		};
		34ACC33D291DE9C100741371 /* Resources */ = {
			isa = PBXResourcesBuildPhase;
			buildActionMask = 2147483647;
			files = (
			);
			runOnlyForDeploymentPostprocessing = 0;
		};
		34ACC347291DE9C100741371 /* Resources */ = {
			isa = PBXResourcesBuildPhase;
			buildActionMask = 2147483647;
			files = (
			);
			runOnlyForDeploymentPostprocessing = 0;
		};
/* End PBXResourcesBuildPhase section */

/* Begin PBXSourcesBuildPhase section */
		34ACC325291DE9C000741371 /* Sources */ = {
			isa = PBXSourcesBuildPhase;
			buildActionMask = 2147483647;
			files = (
				34EC71D1292DF27E004813CB /* Date+.swift in Sources */,
				34D8360129359C8A001DE9DF /* BrowseRepository.swift in Sources */,
				34091552292DE9D1007873A8 /* QuestEntity.swift in Sources */,
				342830F6292E1ACA00AE811B /* PlainItemViewModel.swift in Sources */,
				34A529D129247880001BAD34 /* Coordinator.swift in Sources */,
				34113BEB2934A3B200AB4919 /* LoginViewController.swift in Sources */,
				340A724929348B1B00B26AA6 /* AuthUseCase.swift in Sources */,
				3499552029234637007AB99E /* CustomProgressBar.swift in Sources */,
				34A529E22924816A001BAD34 /* BrowseSceneDIContainer.swift in Sources */,
				34A529E929248B58001BAD34 /* AppAppearance.swift in Sources */,
				34283105292E2E3F00AE811B /* ToggleField.swift in Sources */,
				A517A84629349D91005CB1E8 /* DefaultAuthRepository.swift in Sources */,
				3499552329234D5F007AB99E /* BrowseCell.swift in Sources */,
				3499551E29233DEF007AB99E /* QuestCell.swift in Sources */,
				34A529DC29247BB6001BAD34 /* HomeSceneDIContainer.swift in Sources */,
				34874AA229250C43000570DF /* UIButton+.swift in Sources */,
				A50F9A3F292679BC005C00FE /* NetworkConfigure.swift in Sources */,
				34A529E7292481E1001BAD34 /* BrowseCoordinator.swift in Sources */,
				34A529D329247903001BAD34 /* TabCoordinator.swift in Sources */,
				3417B1462935DA9D00900454 /* DefaultBrowseUseCase.swift in Sources */,
				347D258D292C6E220038FCA2 /* MessageBubble.swift in Sources */,
				34EE6EB92924CAA1005AF583 /* QuestViewModel.swift in Sources */,
				A5656459292BBDD40033E763 /* String+.swift in Sources */,
				34CAE318292B19A3007653AD /* QuestsRepository.swift in Sources */,
				A50DE911292B74C500E1FD60 /* DTO.swift in Sources */,
				3449AD5D2922197000B87619 /* User.swift in Sources */,
				A51F01CD29233ABB0031ECA2 /* RealmUserInfoStorage.swift in Sources */,
				A50F9A3429266F45005C00FE /* NetworkService.swift in Sources */,
				A51F01DA292345990031ECA2 /* BrowseQuest.swift in Sources */,
				A5AC96E629223F06003B7637 /* QuestsStorage.swift in Sources */,
				A51F01D52923407E0031ECA2 /* BrowseQuestEntity.swift in Sources */,
				3416FC8A292B560800B504C5 /* DefaultQuestUseCase.swift in Sources */,
				342830FD292E2AF200AE811B /* NavigateField.swift in Sources */,
				342830F2292E196E00AE811B /* CommonField.swift in Sources */,
				342830A8292E0FAC00AE811B /* SettingsCoordinator.swift in Sources */,
				342830FB292E2A5F00AE811B /* NavigateItemViewModel.swift in Sources */,
				A51F01C82923392F0031ECA2 /* UserInfoStorage.swift in Sources */,
				34A529E429248178001BAD34 /* SettingsSceneDIContainer.swift in Sources */,
				340A7246293455CE00B26AA6 /* AuthRepository.swift in Sources */,
				342830AA292E12C700AE811B /* SettingsViewController.swift in Sources */,
				34A529E029247F1F001BAD34 /* HomeViewController.swift in Sources */,
				34A529D529247932001BAD34 /* AppCoordinator.swift in Sources */,
				B50078D629222F3F0070AFC4 /* CircleCheckView.swift in Sources */,
				3499552729235D1E007AB99E /* BrowseItemViewModel.swift in Sources */,
				347D258B292C60F40038FCA2 /* StatusView.swift in Sources */,
				34874AA629252088000570DF /* AddQuestsViewController.swift in Sources */,
				34642AB62925D9E40052FA0E /* UserInfoView.swift in Sources */,
				349955292923600A007AB99E /* BrowseViewController.swift in Sources */,
				34113BE82934917500AB4919 /* AuthViewModel.swift in Sources */,
				34EE6EB72924C674005AF583 /* QuestView.swift in Sources */,
				B58DFC0A29227DA800C68A4B /* CalendarCell.swift in Sources */,
				3499551529232533007AB99E /* UIColor+.swift in Sources */,
				342830F8292E1B7400AE811B /* PlainField.swift in Sources */,
				34A529DA29247B9C001BAD34 /* AppDIContainer.swift in Sources */,
				340A724B29348C2200B26AA6 /* DefaultAuthUseCase.swift in Sources */,
				A50DE906292B53D900E1FD60 /* DefaultQuestsRepository.swift in Sources */,
				34ACC32D291DE9C000741371 /* AppDelegate.swift in Sources */,
				A5AC96D929223648003B7637 /* RealmStorage.swift in Sources */,
				3417B1442935DA4A00900454 /* BrowseUseCase.swift in Sources */,
				A51189C329226E66008A9D33 /* QuestEntity+Mapping.swift in Sources */,
				A51F01D3292340360031ECA2 /* BrowseQuestsStorage.swift in Sources */,
				A50F9A3729266F6F005C00FE /* FirebaseService.swift in Sources */,
				9B1CFB3F292B585700CCE97A /* QuestDTO+Mapping.swift in Sources */,
				34874AA0292509A4000570DF /* QuestViewHeader.swift in Sources */,
				342830F4292E19B700AE811B /* PlainCell.swift in Sources */,
				A51F01CA2923397E0031ECA2 /* UserInfoEntity.swift in Sources */,
				342830FF292E2B2A00AE811B /* NavigateCell.swift in Sources */,
				A51F01D8292343A80031ECA2 /* RealmBrowseQuestsStorage.swift in Sources */,
				A51F01DD2923468F0031ECA2 /* BrowseQuestEntity+Mapping.swift in Sources */,
				3416FC88292B54DB00B504C5 /* QuestUseCase.swift in Sources */,
				A51F01D029233C510031ECA2 /* UserInfoEntity+Mapping.swift in Sources */,
				3499552B29236041007AB99E /* BrowseViewModel.swift in Sources */,
				34113BED2934BD3D00AB4919 /* TextFieldForm.swift in Sources */,
				3449AD5B2922164B00B87619 /* Quest.swift in Sources */,
				34283101292E2D7A00AE811B /* ToggleItemViewModel.swift in Sources */,
				A5AC96E829223F27003B7637 /* RealmQuestsStorage.swift in Sources */,
				349955122923220E007AB99E /* SwiftUIPreview.swift in Sources */,
				3449AD6029222B3900B87619 /* UserInfoCell.swift in Sources */,
				34ACC32F291DE9C000741371 /* SceneDelegate.swift in Sources */,
				34A529D829247A87001BAD34 /* HomeCoordinator.swift in Sources */,
				34283103292E2D9B00AE811B /* ToggleCell.swift in Sources */,
			);
			runOnlyForDeploymentPostprocessing = 0;
		};
		34ACC33B291DE9C100741371 /* Sources */ = {
			isa = PBXSourcesBuildPhase;
			buildActionMask = 2147483647;
			files = (
				A5656452292BB89A0033E763 /* QuestsStorage.swift in Sources */,
				A5656457292BB91F0033E763 /* Quest.swift in Sources */,
				3416FC96292B5B5400B504C5 /* Quest.swift in Sources */,
				3416FC95292B5AD600B504C5 /* QuestUseCaseTests.swift in Sources */,
				3416FC8E292B593C00B504C5 /* Quest+Stub.swift in Sources */,
				340FDFD5292B5DB700C4E3DC /* DefaultQuestUseCase.swift in Sources */,
				3416FC93292B59D300B504C5 /* QuestRepositoryMock.swift in Sources */,
				340FDFDE292B7A2C00C4E3DC /* QuestUseCaseMock.swift in Sources */,
				340FDFDB292B7A1500C4E3DC /* QuestViewModelTests.swift in Sources */,
				34FF6C60292B8BC9002AFD4D /* QuestViewModel.swift in Sources */,
				340FDFD4292B5DA100C4E3DC /* QuestUseCase.swift in Sources */,
				340FDFD3292B5CE300C4E3DC /* QuestsRepository.swift in Sources */,
				340A72472934573F00B26AA6 /* AuthRepository.swift in Sources */,
			);
			runOnlyForDeploymentPostprocessing = 0;
		};
		34ACC345291DE9C100741371 /* Sources */ = {
			isa = PBXSourcesBuildPhase;
			buildActionMask = 2147483647;
			files = (
				34ACC34E291DE9C100741371 /* DailyQuestUITests.swift in Sources */,
				34ACC350291DE9C100741371 /* DailyQuestUITestsLaunchTests.swift in Sources */,
			);
			runOnlyForDeploymentPostprocessing = 0;
		};
/* End PBXSourcesBuildPhase section */

/* Begin PBXTargetDependency section */
		34ACC341291DE9C100741371 /* PBXTargetDependency */ = {
			isa = PBXTargetDependency;
			target = 34ACC328291DE9C000741371 /* DailyQuest */;
			targetProxy = 34ACC340291DE9C100741371 /* PBXContainerItemProxy */;
		};
		34ACC34B291DE9C100741371 /* PBXTargetDependency */ = {
			isa = PBXTargetDependency;
			target = 34ACC328291DE9C000741371 /* DailyQuest */;
			targetProxy = 34ACC34A291DE9C100741371 /* PBXContainerItemProxy */;
		};
/* End PBXTargetDependency section */

/* Begin PBXVariantGroup section */
		34ACC337291DE9C100741371 /* LaunchScreen.storyboard */ = {
			isa = PBXVariantGroup;
			children = (
				34ACC338291DE9C100741371 /* Base */,
			);
			name = LaunchScreen.storyboard;
			sourceTree = "<group>";
		};
/* End PBXVariantGroup section */

/* Begin XCBuildConfiguration section */
		34ACC351291DE9C100741371 /* Debug */ = {
			isa = XCBuildConfiguration;
			buildSettings = {
				ALWAYS_SEARCH_USER_PATHS = NO;
				CLANG_ANALYZER_NONNULL = YES;
				CLANG_ANALYZER_NUMBER_OBJECT_CONVERSION = YES_AGGRESSIVE;
				CLANG_CXX_LANGUAGE_STANDARD = "gnu++20";
				CLANG_ENABLE_MODULES = YES;
				CLANG_ENABLE_OBJC_ARC = YES;
				CLANG_ENABLE_OBJC_WEAK = YES;
				CLANG_WARN_BLOCK_CAPTURE_AUTORELEASING = YES;
				CLANG_WARN_BOOL_CONVERSION = YES;
				CLANG_WARN_COMMA = YES;
				CLANG_WARN_CONSTANT_CONVERSION = YES;
				CLANG_WARN_DEPRECATED_OBJC_IMPLEMENTATIONS = YES;
				CLANG_WARN_DIRECT_OBJC_ISA_USAGE = YES_ERROR;
				CLANG_WARN_DOCUMENTATION_COMMENTS = YES;
				CLANG_WARN_EMPTY_BODY = YES;
				CLANG_WARN_ENUM_CONVERSION = YES;
				CLANG_WARN_INFINITE_RECURSION = YES;
				CLANG_WARN_INT_CONVERSION = YES;
				CLANG_WARN_NON_LITERAL_NULL_CONVERSION = YES;
				CLANG_WARN_OBJC_IMPLICIT_RETAIN_SELF = YES;
				CLANG_WARN_OBJC_LITERAL_CONVERSION = YES;
				CLANG_WARN_OBJC_ROOT_CLASS = YES_ERROR;
				CLANG_WARN_QUOTED_INCLUDE_IN_FRAMEWORK_HEADER = YES;
				CLANG_WARN_RANGE_LOOP_ANALYSIS = YES;
				CLANG_WARN_STRICT_PROTOTYPES = YES;
				CLANG_WARN_SUSPICIOUS_MOVE = YES;
				CLANG_WARN_UNGUARDED_AVAILABILITY = YES_AGGRESSIVE;
				CLANG_WARN_UNREACHABLE_CODE = YES;
				CLANG_WARN__DUPLICATE_METHOD_MATCH = YES;
				COPY_PHASE_STRIP = NO;
				DEBUG_INFORMATION_FORMAT = dwarf;
				ENABLE_STRICT_OBJC_MSGSEND = YES;
				ENABLE_TESTABILITY = YES;
				GCC_C_LANGUAGE_STANDARD = gnu11;
				GCC_DYNAMIC_NO_PIC = NO;
				GCC_NO_COMMON_BLOCKS = YES;
				GCC_OPTIMIZATION_LEVEL = 0;
				GCC_PREPROCESSOR_DEFINITIONS = (
					"DEBUG=1",
					"$(inherited)",
				);
				GCC_WARN_64_TO_32_BIT_CONVERSION = YES;
				GCC_WARN_ABOUT_RETURN_TYPE = YES_ERROR;
				GCC_WARN_UNDECLARED_SELECTOR = YES;
				GCC_WARN_UNINITIALIZED_AUTOS = YES_AGGRESSIVE;
				GCC_WARN_UNUSED_FUNCTION = YES;
				GCC_WARN_UNUSED_VARIABLE = YES;
				IPHONEOS_DEPLOYMENT_TARGET = 16.1;
				MTL_ENABLE_DEBUG_INFO = INCLUDE_SOURCE;
				MTL_FAST_MATH = YES;
				ONLY_ACTIVE_ARCH = YES;
				SDKROOT = iphoneos;
				SWIFT_ACTIVE_COMPILATION_CONDITIONS = DEBUG;
				SWIFT_OPTIMIZATION_LEVEL = "-Onone";
			};
			name = Debug;
		};
		34ACC352291DE9C100741371 /* Release */ = {
			isa = XCBuildConfiguration;
			buildSettings = {
				ALWAYS_SEARCH_USER_PATHS = NO;
				CLANG_ANALYZER_NONNULL = YES;
				CLANG_ANALYZER_NUMBER_OBJECT_CONVERSION = YES_AGGRESSIVE;
				CLANG_CXX_LANGUAGE_STANDARD = "gnu++20";
				CLANG_ENABLE_MODULES = YES;
				CLANG_ENABLE_OBJC_ARC = YES;
				CLANG_ENABLE_OBJC_WEAK = YES;
				CLANG_WARN_BLOCK_CAPTURE_AUTORELEASING = YES;
				CLANG_WARN_BOOL_CONVERSION = YES;
				CLANG_WARN_COMMA = YES;
				CLANG_WARN_CONSTANT_CONVERSION = YES;
				CLANG_WARN_DEPRECATED_OBJC_IMPLEMENTATIONS = YES;
				CLANG_WARN_DIRECT_OBJC_ISA_USAGE = YES_ERROR;
				CLANG_WARN_DOCUMENTATION_COMMENTS = YES;
				CLANG_WARN_EMPTY_BODY = YES;
				CLANG_WARN_ENUM_CONVERSION = YES;
				CLANG_WARN_INFINITE_RECURSION = YES;
				CLANG_WARN_INT_CONVERSION = YES;
				CLANG_WARN_NON_LITERAL_NULL_CONVERSION = YES;
				CLANG_WARN_OBJC_IMPLICIT_RETAIN_SELF = YES;
				CLANG_WARN_OBJC_LITERAL_CONVERSION = YES;
				CLANG_WARN_OBJC_ROOT_CLASS = YES_ERROR;
				CLANG_WARN_QUOTED_INCLUDE_IN_FRAMEWORK_HEADER = YES;
				CLANG_WARN_RANGE_LOOP_ANALYSIS = YES;
				CLANG_WARN_STRICT_PROTOTYPES = YES;
				CLANG_WARN_SUSPICIOUS_MOVE = YES;
				CLANG_WARN_UNGUARDED_AVAILABILITY = YES_AGGRESSIVE;
				CLANG_WARN_UNREACHABLE_CODE = YES;
				CLANG_WARN__DUPLICATE_METHOD_MATCH = YES;
				COPY_PHASE_STRIP = NO;
				DEBUG_INFORMATION_FORMAT = "dwarf-with-dsym";
				ENABLE_NS_ASSERTIONS = NO;
				ENABLE_STRICT_OBJC_MSGSEND = YES;
				GCC_C_LANGUAGE_STANDARD = gnu11;
				GCC_NO_COMMON_BLOCKS = YES;
				GCC_WARN_64_TO_32_BIT_CONVERSION = YES;
				GCC_WARN_ABOUT_RETURN_TYPE = YES_ERROR;
				GCC_WARN_UNDECLARED_SELECTOR = YES;
				GCC_WARN_UNINITIALIZED_AUTOS = YES_AGGRESSIVE;
				GCC_WARN_UNUSED_FUNCTION = YES;
				GCC_WARN_UNUSED_VARIABLE = YES;
				IPHONEOS_DEPLOYMENT_TARGET = 16.1;
				MTL_ENABLE_DEBUG_INFO = NO;
				MTL_FAST_MATH = YES;
				SDKROOT = iphoneos;
				SWIFT_COMPILATION_MODE = wholemodule;
				SWIFT_OPTIMIZATION_LEVEL = "-O";
				VALIDATE_PRODUCT = YES;
			};
			name = Release;
		};
		34ACC354291DE9C100741371 /* Debug */ = {
			isa = XCBuildConfiguration;
			buildSettings = {
				ASSETCATALOG_COMPILER_APPICON_NAME = AppIcon;
				ASSETCATALOG_COMPILER_GLOBAL_ACCENT_COLOR_NAME = AccentColor;
				CODE_SIGN_STYLE = Automatic;
				CURRENT_PROJECT_VERSION = 1;
				DEVELOPMENT_TEAM = 4QG3GC35LA;
				GENERATE_INFOPLIST_FILE = YES;
				INFOPLIST_FILE = DailyQuest/Info.plist;
				INFOPLIST_KEY_UIApplicationSupportsIndirectInputEvents = YES;
				INFOPLIST_KEY_UILaunchStoryboardName = LaunchScreen;
				INFOPLIST_KEY_UISupportedInterfaceOrientations_iPad = "UIInterfaceOrientationPortrait UIInterfaceOrientationPortraitUpsideDown UIInterfaceOrientationLandscapeLeft UIInterfaceOrientationLandscapeRight";
				INFOPLIST_KEY_UISupportedInterfaceOrientations_iPhone = "UIInterfaceOrientationPortrait UIInterfaceOrientationLandscapeLeft UIInterfaceOrientationLandscapeRight";
				LD_RUNPATH_SEARCH_PATHS = (
					"$(inherited)",
					"@executable_path/Frameworks",
				);
				MARKETING_VERSION = 1.0;
				PRODUCT_BUNDLE_IDENTIFIER = com.codershigh.boostcamp.DailyQuest;
				PRODUCT_NAME = "$(TARGET_NAME)";
				SWIFT_EMIT_LOC_STRINGS = YES;
				SWIFT_VERSION = 5.0;
				TARGETED_DEVICE_FAMILY = "1,2";
			};
			name = Debug;
		};
		34ACC355291DE9C100741371 /* Release */ = {
			isa = XCBuildConfiguration;
			buildSettings = {
				ASSETCATALOG_COMPILER_APPICON_NAME = AppIcon;
				ASSETCATALOG_COMPILER_GLOBAL_ACCENT_COLOR_NAME = AccentColor;
				CODE_SIGN_STYLE = Automatic;
				CURRENT_PROJECT_VERSION = 1;
				DEVELOPMENT_TEAM = 4QG3GC35LA;
				GENERATE_INFOPLIST_FILE = YES;
				INFOPLIST_FILE = DailyQuest/Info.plist;
				INFOPLIST_KEY_UIApplicationSupportsIndirectInputEvents = YES;
				INFOPLIST_KEY_UILaunchStoryboardName = LaunchScreen;
				INFOPLIST_KEY_UISupportedInterfaceOrientations_iPad = "UIInterfaceOrientationPortrait UIInterfaceOrientationPortraitUpsideDown UIInterfaceOrientationLandscapeLeft UIInterfaceOrientationLandscapeRight";
				INFOPLIST_KEY_UISupportedInterfaceOrientations_iPhone = "UIInterfaceOrientationPortrait UIInterfaceOrientationLandscapeLeft UIInterfaceOrientationLandscapeRight";
				LD_RUNPATH_SEARCH_PATHS = (
					"$(inherited)",
					"@executable_path/Frameworks",
				);
				MARKETING_VERSION = 1.0;
				PRODUCT_BUNDLE_IDENTIFIER = com.codershigh.boostcamp.DailyQuest;
				PRODUCT_NAME = "$(TARGET_NAME)";
				SWIFT_EMIT_LOC_STRINGS = YES;
				SWIFT_VERSION = 5.0;
				TARGETED_DEVICE_FAMILY = "1,2";
			};
			name = Release;
		};
		34ACC357291DE9C100741371 /* Debug */ = {
			isa = XCBuildConfiguration;
			buildSettings = {
				ALWAYS_EMBED_SWIFT_STANDARD_LIBRARIES = YES;
				BUNDLE_LOADER = "$(TEST_HOST)";
				CODE_SIGN_STYLE = Automatic;
				CURRENT_PROJECT_VERSION = 1;
				GENERATE_INFOPLIST_FILE = YES;
				IPHONEOS_DEPLOYMENT_TARGET = 16.1;
				MARKETING_VERSION = 1.0;
				PRODUCT_BUNDLE_IDENTIFIER = com.347km.DailyQuestTests;
				PRODUCT_NAME = "$(TARGET_NAME)";
				SWIFT_EMIT_LOC_STRINGS = NO;
				SWIFT_VERSION = 5.0;
				TARGETED_DEVICE_FAMILY = "1,2";
				TEST_HOST = "$(BUILT_PRODUCTS_DIR)/DailyQuest.app/$(BUNDLE_EXECUTABLE_FOLDER_PATH)/DailyQuest";
			};
			name = Debug;
		};
		34ACC358291DE9C100741371 /* Release */ = {
			isa = XCBuildConfiguration;
			buildSettings = {
				ALWAYS_EMBED_SWIFT_STANDARD_LIBRARIES = YES;
				BUNDLE_LOADER = "$(TEST_HOST)";
				CODE_SIGN_STYLE = Automatic;
				CURRENT_PROJECT_VERSION = 1;
				GENERATE_INFOPLIST_FILE = YES;
				IPHONEOS_DEPLOYMENT_TARGET = 16.1;
				MARKETING_VERSION = 1.0;
				PRODUCT_BUNDLE_IDENTIFIER = com.347km.DailyQuestTests;
				PRODUCT_NAME = "$(TARGET_NAME)";
				SWIFT_EMIT_LOC_STRINGS = NO;
				SWIFT_VERSION = 5.0;
				TARGETED_DEVICE_FAMILY = "1,2";
				TEST_HOST = "$(BUILT_PRODUCTS_DIR)/DailyQuest.app/$(BUNDLE_EXECUTABLE_FOLDER_PATH)/DailyQuest";
			};
			name = Release;
		};
		34ACC35A291DE9C100741371 /* Debug */ = {
			isa = XCBuildConfiguration;
			buildSettings = {
				ALWAYS_EMBED_SWIFT_STANDARD_LIBRARIES = YES;
				CODE_SIGN_STYLE = Automatic;
				CURRENT_PROJECT_VERSION = 1;
				GENERATE_INFOPLIST_FILE = YES;
				MARKETING_VERSION = 1.0;
				PRODUCT_BUNDLE_IDENTIFIER = com.347km.DailyQuestUITests;
				PRODUCT_NAME = "$(TARGET_NAME)";
				SWIFT_EMIT_LOC_STRINGS = NO;
				SWIFT_VERSION = 5.0;
				TARGETED_DEVICE_FAMILY = "1,2";
				TEST_TARGET_NAME = DailyQuest;
			};
			name = Debug;
		};
		34ACC35B291DE9C100741371 /* Release */ = {
			isa = XCBuildConfiguration;
			buildSettings = {
				ALWAYS_EMBED_SWIFT_STANDARD_LIBRARIES = YES;
				CODE_SIGN_STYLE = Automatic;
				CURRENT_PROJECT_VERSION = 1;
				GENERATE_INFOPLIST_FILE = YES;
				MARKETING_VERSION = 1.0;
				PRODUCT_BUNDLE_IDENTIFIER = com.347km.DailyQuestUITests;
				PRODUCT_NAME = "$(TARGET_NAME)";
				SWIFT_EMIT_LOC_STRINGS = NO;
				SWIFT_VERSION = 5.0;
				TARGETED_DEVICE_FAMILY = "1,2";
				TEST_TARGET_NAME = DailyQuest;
			};
			name = Release;
		};
/* End XCBuildConfiguration section */

/* Begin XCConfigurationList section */
		34ACC324291DE9C000741371 /* Build configuration list for PBXProject "DailyQuest" */ = {
			isa = XCConfigurationList;
			buildConfigurations = (
				34ACC351291DE9C100741371 /* Debug */,
				34ACC352291DE9C100741371 /* Release */,
			);
			defaultConfigurationIsVisible = 0;
			defaultConfigurationName = Release;
		};
		34ACC353291DE9C100741371 /* Build configuration list for PBXNativeTarget "DailyQuest" */ = {
			isa = XCConfigurationList;
			buildConfigurations = (
				34ACC354291DE9C100741371 /* Debug */,
				34ACC355291DE9C100741371 /* Release */,
			);
			defaultConfigurationIsVisible = 0;
			defaultConfigurationName = Release;
		};
		34ACC356291DE9C100741371 /* Build configuration list for PBXNativeTarget "DailyQuestTests" */ = {
			isa = XCConfigurationList;
			buildConfigurations = (
				34ACC357291DE9C100741371 /* Debug */,
				34ACC358291DE9C100741371 /* Release */,
			);
			defaultConfigurationIsVisible = 0;
			defaultConfigurationName = Release;
		};
		34ACC359291DE9C100741371 /* Build configuration list for PBXNativeTarget "DailyQuestUITests" */ = {
			isa = XCConfigurationList;
			buildConfigurations = (
				34ACC35A291DE9C100741371 /* Debug */,
				34ACC35B291DE9C100741371 /* Release */,
			);
			defaultConfigurationIsVisible = 0;
			defaultConfigurationName = Release;
		};
/* End XCConfigurationList section */

/* Begin XCRemoteSwiftPackageReference section */
		34091549292DE5CC007873A8 /* XCRemoteSwiftPackageReference "firebase-ios-sdk" */ = {
			isa = XCRemoteSwiftPackageReference;
			repositoryURL = "https://github.com/firebase/firebase-ios-sdk";
			requirement = {
				branch = master;
				kind = branch;
			};
		};
		3413139A291E480500E607E1 /* XCRemoteSwiftPackageReference "SnapKit" */ = {
			isa = XCRemoteSwiftPackageReference;
			repositoryURL = "https://github.com/SnapKit/SnapKit";
			requirement = {
				branch = develop;
				kind = branch;
			};
		};
		34EC71CC292DEFBF004813CB /* XCRemoteSwiftPackageReference "lottie-ios" */ = {
			isa = XCRemoteSwiftPackageReference;
			repositoryURL = "https://github.com/airbnb/lottie-ios";
			requirement = {
				kind = upToNextMajorVersion;
				minimumVersion = 3.0.0;
			};
		};
		34FEFB972935EA6D00954A40 /* XCRemoteSwiftPackageReference "Kingfisher" */ = {
			isa = XCRemoteSwiftPackageReference;
			repositoryURL = "https://github.com/onevcat/Kingfisher";
			requirement = {
				branch = master;
				kind = branch;
			};
		};
		34FF6C5B292B8B27002AFD4D /* XCRemoteSwiftPackageReference "RxSwift" */ = {
			isa = XCRemoteSwiftPackageReference;
			repositoryURL = "https://github.com/ReactiveX/RxSwift";
			requirement = {
				branch = main;
				kind = branch;
			};
		};
		A50DE907292B73B900E1FD60 /* XCRemoteSwiftPackageReference "firebase-ios-sdk" */ = {
			isa = XCRemoteSwiftPackageReference;
			repositoryURL = "https://github.com/firebase/firebase-ios-sdk";
			requirement = {
				branch = master;
				kind = branch;
			};
		};
		A5AC96DD292239CA003B7637 /* XCRemoteSwiftPackageReference "realm-swift" */ = {
			isa = XCRemoteSwiftPackageReference;
			repositoryURL = "https://github.com/realm/realm-swift";
			requirement = {
				branch = master;
				kind = branch;
			};
		};
/* End XCRemoteSwiftPackageReference section */

/* Begin XCSwiftPackageProductDependency section */
		3409154A292DE5CC007873A8 /* FirebaseAuth */ = {
			isa = XCSwiftPackageProductDependency;
			package = 34091549292DE5CC007873A8 /* XCRemoteSwiftPackageReference "firebase-ios-sdk" */;
			productName = FirebaseAuth;
		};
		3409154C292DE5CC007873A8 /* FirebaseFirestore */ = {
			isa = XCSwiftPackageProductDependency;
			package = 34091549292DE5CC007873A8 /* XCRemoteSwiftPackageReference "firebase-ios-sdk" */;
			productName = FirebaseFirestore;
		};
		3409154E292DE5CC007873A8 /* FirebaseFirestoreSwift */ = {
			isa = XCSwiftPackageProductDependency;
			package = 34091549292DE5CC007873A8 /* XCRemoteSwiftPackageReference "firebase-ios-sdk" */;
			productName = FirebaseFirestoreSwift;
		};
		34091550292DE5CC007873A8 /* FirebaseStorage */ = {
			isa = XCSwiftPackageProductDependency;
			package = 34091549292DE5CC007873A8 /* XCRemoteSwiftPackageReference "firebase-ios-sdk" */;
			productName = FirebaseStorage;
		};
		3413139B291E480500E607E1 /* SnapKit */ = {
			isa = XCSwiftPackageProductDependency;
			package = 3413139A291E480500E607E1 /* XCRemoteSwiftPackageReference "SnapKit" */;
			productName = SnapKit;
		};
		34EC71CD292DEFBF004813CB /* Lottie */ = {
			isa = XCSwiftPackageProductDependency;
			package = 34EC71CC292DEFBF004813CB /* XCRemoteSwiftPackageReference "lottie-ios" */;
			productName = Lottie;
		};
		34FEFB982935EA6D00954A40 /* Kingfisher */ = {
			isa = XCSwiftPackageProductDependency;
			package = 34FEFB972935EA6D00954A40 /* XCRemoteSwiftPackageReference "Kingfisher" */;
			productName = Kingfisher;
		};
		34FF6C46292B8014002AFD4D /* SnapKit-Dynamic */ = {
			isa = XCSwiftPackageProductDependency;
			package = 3413139A291E480500E607E1 /* XCRemoteSwiftPackageReference "SnapKit" */;
			productName = "SnapKit-Dynamic";
		};
		34FF6C5C292B8B27002AFD4D /* RxCocoa */ = {
			isa = XCSwiftPackageProductDependency;
			package = 34FF6C5B292B8B27002AFD4D /* XCRemoteSwiftPackageReference "RxSwift" */;
			productName = RxCocoa;
		};
		34FF6C5E292B8B27002AFD4D /* RxSwift */ = {
			isa = XCSwiftPackageProductDependency;
			package = 34FF6C5B292B8B27002AFD4D /* XCRemoteSwiftPackageReference "RxSwift" */;
			productName = RxSwift;
		};
		34FF6C63292B8C26002AFD4D /* RxCocoa-Dynamic */ = {
			isa = XCSwiftPackageProductDependency;
			package = 34FF6C5B292B8B27002AFD4D /* XCRemoteSwiftPackageReference "RxSwift" */;
			productName = "RxCocoa-Dynamic";
		};
		A50DE90A292B73B900E1FD60 /* FirebaseDatabaseSwift */ = {
			isa = XCSwiftPackageProductDependency;
			package = A50DE907292B73B900E1FD60 /* XCRemoteSwiftPackageReference "firebase-ios-sdk" */;
			productName = FirebaseDatabaseSwift;
		};
		A5AC96DE292239CA003B7637 /* RealmSwift */ = {
			isa = XCSwiftPackageProductDependency;
			package = A5AC96DD292239CA003B7637 /* XCRemoteSwiftPackageReference "realm-swift" */;
			productName = RealmSwift;
		};
/* End XCSwiftPackageProductDependency section */
	};
	rootObject = 34ACC321291DE9C000741371 /* Project object */;
}
