// !$*UTF8*$!
{
	archiveVersion = 1;
	classes = {
	};
	objectVersion = 56;
	objects = {

/* Begin PBXBuildFile section */
		34131397291E47D300E607E1 /* RxCocoa in Frameworks */ = {isa = PBXBuildFile; productRef = 34131396291E47D300E607E1 /* RxCocoa */; };
		34131399291E47D300E607E1 /* RxSwift in Frameworks */ = {isa = PBXBuildFile; productRef = 34131398291E47D300E607E1 /* RxSwift */; };
		3413139C291E480500E607E1 /* SnapKit in Frameworks */ = {isa = PBXBuildFile; productRef = 3413139B291E480500E607E1 /* SnapKit */; };
		3449AD5B2922164B00B87619 /* Quest.swift in Sources */ = {isa = PBXBuildFile; fileRef = 3449AD5A2922164B00B87619 /* Quest.swift */; };
		3449AD5D2922197000B87619 /* User.swift in Sources */ = {isa = PBXBuildFile; fileRef = 3449AD5C2922197000B87619 /* User.swift */; };
		3449AD6029222B3900B87619 /* UserInfoCell.swift in Sources */ = {isa = PBXBuildFile; fileRef = 3449AD5F29222B3900B87619 /* UserInfoCell.swift */; };
		34642AB62925D9E40052FA0E /* UserInfoView.swift in Sources */ = {isa = PBXBuildFile; fileRef = 34642AB52925D9E40052FA0E /* UserInfoView.swift */; };
		34874AA0292509A4000570DF /* QuestViewHeader.swift in Sources */ = {isa = PBXBuildFile; fileRef = 34874A9F292509A4000570DF /* QuestViewHeader.swift */; };
		34874AA229250C43000570DF /* UIButton+.swift in Sources */ = {isa = PBXBuildFile; fileRef = 34874AA129250C43000570DF /* UIButton+.swift */; };
		34874AA629252088000570DF /* AddQuestsViewController.swift in Sources */ = {isa = PBXBuildFile; fileRef = 34874AA529252088000570DF /* AddQuestsViewController.swift */; };
		349955122923220E007AB99E /* SwiftUIPreview.swift in Sources */ = {isa = PBXBuildFile; fileRef = 349955112923220E007AB99E /* SwiftUIPreview.swift */; };
		3499551529232533007AB99E /* UIColor+.swift in Sources */ = {isa = PBXBuildFile; fileRef = 3499551429232533007AB99E /* UIColor+.swift */; };
		3499551E29233DEF007AB99E /* QuestCell.swift in Sources */ = {isa = PBXBuildFile; fileRef = 3499551D29233DEF007AB99E /* QuestCell.swift */; };
		3499552029234637007AB99E /* CustomProgressBar.swift in Sources */ = {isa = PBXBuildFile; fileRef = 3499551F29234637007AB99E /* CustomProgressBar.swift */; };
		3499552329234D5F007AB99E /* BrowseCell.swift in Sources */ = {isa = PBXBuildFile; fileRef = 3499552229234D5F007AB99E /* BrowseCell.swift */; };
		3499552729235D1E007AB99E /* BrowseItemViewModel.swift in Sources */ = {isa = PBXBuildFile; fileRef = 3499552629235D1E007AB99E /* BrowseItemViewModel.swift */; };
		349955292923600A007AB99E /* BrowseViewController.swift in Sources */ = {isa = PBXBuildFile; fileRef = 349955282923600A007AB99E /* BrowseViewController.swift */; };
		3499552B29236041007AB99E /* BrowseViewModel.swift in Sources */ = {isa = PBXBuildFile; fileRef = 3499552A29236041007AB99E /* BrowseViewModel.swift */; };
		34A529D129247880001BAD34 /* Coordinator.swift in Sources */ = {isa = PBXBuildFile; fileRef = 34A529D029247880001BAD34 /* Coordinator.swift */; };
		34A529D329247903001BAD34 /* TabCoordinator.swift in Sources */ = {isa = PBXBuildFile; fileRef = 34A529D229247903001BAD34 /* TabCoordinator.swift */; };
		34A529D529247932001BAD34 /* AppCoordinator.swift in Sources */ = {isa = PBXBuildFile; fileRef = 34A529D429247932001BAD34 /* AppCoordinator.swift */; };
		34A529D829247A87001BAD34 /* HomeCoordinator.swift in Sources */ = {isa = PBXBuildFile; fileRef = 34A529D729247A87001BAD34 /* HomeCoordinator.swift */; };
		34A529DA29247B9C001BAD34 /* AppDIContainer.swift in Sources */ = {isa = PBXBuildFile; fileRef = 34A529D929247B9C001BAD34 /* AppDIContainer.swift */; };
		34A529DC29247BB6001BAD34 /* HomeSceneDIContainer.swift in Sources */ = {isa = PBXBuildFile; fileRef = 34A529DB29247BB6001BAD34 /* HomeSceneDIContainer.swift */; };
		34A529E029247F1F001BAD34 /* HomeViewController.swift in Sources */ = {isa = PBXBuildFile; fileRef = 34A529DF29247F1F001BAD34 /* HomeViewController.swift */; };
		34A529E22924816A001BAD34 /* BrowseSceneDIContainer.swift in Sources */ = {isa = PBXBuildFile; fileRef = 34A529E12924816A001BAD34 /* BrowseSceneDIContainer.swift */; };
		34A529E429248178001BAD34 /* SettingsSceneDIContainer.swift in Sources */ = {isa = PBXBuildFile; fileRef = 34A529E329248178001BAD34 /* SettingsSceneDIContainer.swift */; };
		34A529E7292481E1001BAD34 /* BrowseCoordinator.swift in Sources */ = {isa = PBXBuildFile; fileRef = 34A529E6292481E1001BAD34 /* BrowseCoordinator.swift */; };
		34A529E929248B58001BAD34 /* AppAppearance.swift in Sources */ = {isa = PBXBuildFile; fileRef = 34A529E829248B58001BAD34 /* AppAppearance.swift */; };
		34ACC32D291DE9C000741371 /* AppDelegate.swift in Sources */ = {isa = PBXBuildFile; fileRef = 34ACC32C291DE9C000741371 /* AppDelegate.swift */; };
		34ACC32F291DE9C000741371 /* SceneDelegate.swift in Sources */ = {isa = PBXBuildFile; fileRef = 34ACC32E291DE9C000741371 /* SceneDelegate.swift */; };
		34ACC336291DE9C100741371 /* Assets.xcassets in Resources */ = {isa = PBXBuildFile; fileRef = 34ACC335291DE9C100741371 /* Assets.xcassets */; };
		34ACC339291DE9C100741371 /* LaunchScreen.storyboard in Resources */ = {isa = PBXBuildFile; fileRef = 34ACC337291DE9C100741371 /* LaunchScreen.storyboard */; };
		34ACC344291DE9C100741371 /* DailyQuestTests.swift in Sources */ = {isa = PBXBuildFile; fileRef = 34ACC343291DE9C100741371 /* DailyQuestTests.swift */; };
		34ACC34E291DE9C100741371 /* DailyQuestUITests.swift in Sources */ = {isa = PBXBuildFile; fileRef = 34ACC34D291DE9C100741371 /* DailyQuestUITests.swift */; };
		34ACC350291DE9C100741371 /* DailyQuestUITestsLaunchTests.swift in Sources */ = {isa = PBXBuildFile; fileRef = 34ACC34F291DE9C100741371 /* DailyQuestUITestsLaunchTests.swift */; };
		34ACC360291DEF6100741371 /* FirebaseAuth in Frameworks */ = {isa = PBXBuildFile; productRef = 34ACC35F291DEF6100741371 /* FirebaseAuth */; };
		34ACC362291DEF6100741371 /* FirebaseDatabase in Frameworks */ = {isa = PBXBuildFile; productRef = 34ACC361291DEF6100741371 /* FirebaseDatabase */; };
		34ACC364291DEF6100741371 /* FirebaseFirestore in Frameworks */ = {isa = PBXBuildFile; productRef = 34ACC363291DEF6100741371 /* FirebaseFirestore */; };
		34ACC366291DEF6100741371 /* FirebaseStorage in Frameworks */ = {isa = PBXBuildFile; productRef = 34ACC365291DEF6100741371 /* FirebaseStorage */; };
		34ACC36C291DF0DD00741371 /* GoogleService-Info.plist in Resources */ = {isa = PBXBuildFile; fileRef = 34ACC36B291DF0DD00741371 /* GoogleService-Info.plist */; };
		34EE6EB72924C674005AF583 /* QuestView.swift in Sources */ = {isa = PBXBuildFile; fileRef = 34EE6EB62924C674005AF583 /* QuestView.swift */; };
		34EE6EB92924CAA1005AF583 /* QuestViewModel.swift in Sources */ = {isa = PBXBuildFile; fileRef = 34EE6EB82924CAA1005AF583 /* QuestViewModel.swift */; };
		A51189C329226E66008A9D33 /* UserQuestEntity+Mapping.swift in Sources */ = {isa = PBXBuildFile; fileRef = A51189C229226E66008A9D33 /* UserQuestEntity+Mapping.swift */; };
		A51F01C82923392F0031ECA2 /* UserInfoStorage.swift in Sources */ = {isa = PBXBuildFile; fileRef = A51F01C72923392F0031ECA2 /* UserInfoStorage.swift */; };
		A51F01CA2923397E0031ECA2 /* UserInfoEntity.swift in Sources */ = {isa = PBXBuildFile; fileRef = A51F01C92923397E0031ECA2 /* UserInfoEntity.swift */; };
		A51F01CD29233ABB0031ECA2 /* RealmUserInfoStorage.swift in Sources */ = {isa = PBXBuildFile; fileRef = A51F01CC29233ABB0031ECA2 /* RealmUserInfoStorage.swift */; };
		A51F01D029233C510031ECA2 /* UserInfoEntity+Mapping.swift in Sources */ = {isa = PBXBuildFile; fileRef = A51F01CF29233C510031ECA2 /* UserInfoEntity+Mapping.swift */; };
		A51F01D3292340360031ECA2 /* BrowseQuestsStorage.swift in Sources */ = {isa = PBXBuildFile; fileRef = A51F01D2292340360031ECA2 /* BrowseQuestsStorage.swift */; };
		A51F01D52923407E0031ECA2 /* BrowseQuestEntity.swift in Sources */ = {isa = PBXBuildFile; fileRef = A51F01D42923407E0031ECA2 /* BrowseQuestEntity.swift */; };
		A51F01D8292343A80031ECA2 /* RealmBrowseQuestsStorage.swift in Sources */ = {isa = PBXBuildFile; fileRef = A51F01D7292343A80031ECA2 /* RealmBrowseQuestsStorage.swift */; };
		A51F01DA292345990031ECA2 /* BrowseQuest.swift in Sources */ = {isa = PBXBuildFile; fileRef = A51F01D9292345990031ECA2 /* BrowseQuest.swift */; };
		A51F01DD2923468F0031ECA2 /* BrowseQuestEntity+Mapping.swift in Sources */ = {isa = PBXBuildFile; fileRef = A51F01DC2923468F0031ECA2 /* BrowseQuestEntity+Mapping.swift */; };
		A5AC96D929223648003B7637 /* RealmStorage.swift in Sources */ = {isa = PBXBuildFile; fileRef = A5AC96D829223648003B7637 /* RealmStorage.swift */; };
		A5AC96DC292237C3003B7637 /* UserQuestEntity.swift in Sources */ = {isa = PBXBuildFile; fileRef = A5AC96DB292237C3003B7637 /* UserQuestEntity.swift */; };
		A5AC96DF292239CA003B7637 /* RealmSwift in Frameworks */ = {isa = PBXBuildFile; productRef = A5AC96DE292239CA003B7637 /* RealmSwift */; };
		A5AC96E629223F06003B7637 /* UserQuestsStorage.swift in Sources */ = {isa = PBXBuildFile; fileRef = A5AC96E529223F06003B7637 /* UserQuestsStorage.swift */; };
		A5AC96E829223F27003B7637 /* RealmUserQuestsStorage.swift in Sources */ = {isa = PBXBuildFile; fileRef = A5AC96E729223F27003B7637 /* RealmUserQuestsStorage.swift */; };
		B50078D629222F3F0070AFC4 /* CircleCheckView.swift in Sources */ = {isa = PBXBuildFile; fileRef = B50078D529222F3F0070AFC4 /* CircleCheckView.swift */; };
		B58DFC0A29227DA800C68A4B /* CalendarCell.swift in Sources */ = {isa = PBXBuildFile; fileRef = B58DFC0929227DA800C68A4B /* CalendarCell.swift */; };
/* End PBXBuildFile section */

/* Begin PBXContainerItemProxy section */
		34ACC340291DE9C100741371 /* PBXContainerItemProxy */ = {
			isa = PBXContainerItemProxy;
			containerPortal = 34ACC321291DE9C000741371 /* Project object */;
			proxyType = 1;
			remoteGlobalIDString = 34ACC328291DE9C000741371;
			remoteInfo = DailyQuest;
		};
		34ACC34A291DE9C100741371 /* PBXContainerItemProxy */ = {
			isa = PBXContainerItemProxy;
			containerPortal = 34ACC321291DE9C000741371 /* Project object */;
			proxyType = 1;
			remoteGlobalIDString = 34ACC328291DE9C000741371;
			remoteInfo = DailyQuest;
		};
/* End PBXContainerItemProxy section */

/* Begin PBXFileReference section */
		3449AD5A2922164B00B87619 /* Quest.swift */ = {isa = PBXFileReference; lastKnownFileType = sourcecode.swift; path = Quest.swift; sourceTree = "<group>"; };
		3449AD5C2922197000B87619 /* User.swift */ = {isa = PBXFileReference; lastKnownFileType = sourcecode.swift; path = User.swift; sourceTree = "<group>"; };
		3449AD5F29222B3900B87619 /* UserInfoCell.swift */ = {isa = PBXFileReference; lastKnownFileType = sourcecode.swift; path = UserInfoCell.swift; sourceTree = "<group>"; };
		34642AB52925D9E40052FA0E /* UserInfoView.swift */ = {isa = PBXFileReference; fileEncoding = 4; lastKnownFileType = sourcecode.swift; path = UserInfoView.swift; sourceTree = "<group>"; };
		34874A9F292509A4000570DF /* QuestViewHeader.swift */ = {isa = PBXFileReference; lastKnownFileType = sourcecode.swift; path = QuestViewHeader.swift; sourceTree = "<group>"; };
		34874AA129250C43000570DF /* UIButton+.swift */ = {isa = PBXFileReference; lastKnownFileType = sourcecode.swift; path = "UIButton+.swift"; sourceTree = "<group>"; };
		34874AA529252088000570DF /* AddQuestsViewController.swift */ = {isa = PBXFileReference; lastKnownFileType = sourcecode.swift; path = AddQuestsViewController.swift; sourceTree = "<group>"; };
		349955112923220E007AB99E /* SwiftUIPreview.swift */ = {isa = PBXFileReference; lastKnownFileType = sourcecode.swift; path = SwiftUIPreview.swift; sourceTree = "<group>"; };
		3499551429232533007AB99E /* UIColor+.swift */ = {isa = PBXFileReference; lastKnownFileType = sourcecode.swift; path = "UIColor+.swift"; sourceTree = "<group>"; };
		3499551D29233DEF007AB99E /* QuestCell.swift */ = {isa = PBXFileReference; lastKnownFileType = sourcecode.swift; path = QuestCell.swift; sourceTree = "<group>"; };
		3499551F29234637007AB99E /* CustomProgressBar.swift */ = {isa = PBXFileReference; lastKnownFileType = sourcecode.swift; path = CustomProgressBar.swift; sourceTree = "<group>"; };
		3499552229234D5F007AB99E /* BrowseCell.swift */ = {isa = PBXFileReference; lastKnownFileType = sourcecode.swift; path = BrowseCell.swift; sourceTree = "<group>"; };
		3499552629235D1E007AB99E /* BrowseItemViewModel.swift */ = {isa = PBXFileReference; lastKnownFileType = sourcecode.swift; path = BrowseItemViewModel.swift; sourceTree = "<group>"; };
		349955282923600A007AB99E /* BrowseViewController.swift */ = {isa = PBXFileReference; lastKnownFileType = sourcecode.swift; path = BrowseViewController.swift; sourceTree = "<group>"; };
		3499552A29236041007AB99E /* BrowseViewModel.swift */ = {isa = PBXFileReference; lastKnownFileType = sourcecode.swift; path = BrowseViewModel.swift; sourceTree = "<group>"; };
		34A529D029247880001BAD34 /* Coordinator.swift */ = {isa = PBXFileReference; lastKnownFileType = sourcecode.swift; path = Coordinator.swift; sourceTree = "<group>"; };
		34A529D229247903001BAD34 /* TabCoordinator.swift */ = {isa = PBXFileReference; lastKnownFileType = sourcecode.swift; path = TabCoordinator.swift; sourceTree = "<group>"; };
		34A529D429247932001BAD34 /* AppCoordinator.swift */ = {isa = PBXFileReference; lastKnownFileType = sourcecode.swift; path = AppCoordinator.swift; sourceTree = "<group>"; };
		34A529D729247A87001BAD34 /* HomeCoordinator.swift */ = {isa = PBXFileReference; lastKnownFileType = sourcecode.swift; path = HomeCoordinator.swift; sourceTree = "<group>"; };
		34A529D929247B9C001BAD34 /* AppDIContainer.swift */ = {isa = PBXFileReference; lastKnownFileType = sourcecode.swift; path = AppDIContainer.swift; sourceTree = "<group>"; };
		34A529DB29247BB6001BAD34 /* HomeSceneDIContainer.swift */ = {isa = PBXFileReference; lastKnownFileType = sourcecode.swift; path = HomeSceneDIContainer.swift; sourceTree = "<group>"; };
		34A529DF29247F1F001BAD34 /* HomeViewController.swift */ = {isa = PBXFileReference; lastKnownFileType = sourcecode.swift; path = HomeViewController.swift; sourceTree = "<group>"; };
		34A529E12924816A001BAD34 /* BrowseSceneDIContainer.swift */ = {isa = PBXFileReference; lastKnownFileType = sourcecode.swift; path = BrowseSceneDIContainer.swift; sourceTree = "<group>"; };
		34A529E329248178001BAD34 /* SettingsSceneDIContainer.swift */ = {isa = PBXFileReference; lastKnownFileType = sourcecode.swift; path = SettingsSceneDIContainer.swift; sourceTree = "<group>"; };
		34A529E6292481E1001BAD34 /* BrowseCoordinator.swift */ = {isa = PBXFileReference; lastKnownFileType = sourcecode.swift; path = BrowseCoordinator.swift; sourceTree = "<group>"; };
		34A529E829248B58001BAD34 /* AppAppearance.swift */ = {isa = PBXFileReference; lastKnownFileType = sourcecode.swift; path = AppAppearance.swift; sourceTree = "<group>"; };
		34ACC329291DE9C000741371 /* DailyQuest.app */ = {isa = PBXFileReference; explicitFileType = wrapper.application; includeInIndex = 0; path = DailyQuest.app; sourceTree = BUILT_PRODUCTS_DIR; };
		34ACC32C291DE9C000741371 /* AppDelegate.swift */ = {isa = PBXFileReference; lastKnownFileType = sourcecode.swift; path = AppDelegate.swift; sourceTree = "<group>"; };
		34ACC32E291DE9C000741371 /* SceneDelegate.swift */ = {isa = PBXFileReference; lastKnownFileType = sourcecode.swift; path = SceneDelegate.swift; sourceTree = "<group>"; };
		34ACC335291DE9C100741371 /* Assets.xcassets */ = {isa = PBXFileReference; lastKnownFileType = folder.assetcatalog; path = Assets.xcassets; sourceTree = "<group>"; };
		34ACC338291DE9C100741371 /* Base */ = {isa = PBXFileReference; lastKnownFileType = file.storyboard; name = Base; path = Base.lproj/LaunchScreen.storyboard; sourceTree = "<group>"; };
		34ACC33A291DE9C100741371 /* Info.plist */ = {isa = PBXFileReference; lastKnownFileType = text.plist.xml; path = Info.plist; sourceTree = "<group>"; };
		34ACC33F291DE9C100741371 /* DailyQuestTests.xctest */ = {isa = PBXFileReference; explicitFileType = wrapper.cfbundle; includeInIndex = 0; path = DailyQuestTests.xctest; sourceTree = BUILT_PRODUCTS_DIR; };
		34ACC343291DE9C100741371 /* DailyQuestTests.swift */ = {isa = PBXFileReference; lastKnownFileType = sourcecode.swift; path = DailyQuestTests.swift; sourceTree = "<group>"; };
		34ACC349291DE9C100741371 /* DailyQuestUITests.xctest */ = {isa = PBXFileReference; explicitFileType = wrapper.cfbundle; includeInIndex = 0; path = DailyQuestUITests.xctest; sourceTree = BUILT_PRODUCTS_DIR; };
		34ACC34D291DE9C100741371 /* DailyQuestUITests.swift */ = {isa = PBXFileReference; lastKnownFileType = sourcecode.swift; path = DailyQuestUITests.swift; sourceTree = "<group>"; };
		34ACC34F291DE9C100741371 /* DailyQuestUITestsLaunchTests.swift */ = {isa = PBXFileReference; lastKnownFileType = sourcecode.swift; path = DailyQuestUITestsLaunchTests.swift; sourceTree = "<group>"; };
		34ACC36B291DF0DD00741371 /* GoogleService-Info.plist */ = {isa = PBXFileReference; fileEncoding = 4; lastKnownFileType = text.plist.xml; path = "GoogleService-Info.plist"; sourceTree = "<group>"; };
		34EE6EB62924C674005AF583 /* QuestView.swift */ = {isa = PBXFileReference; lastKnownFileType = sourcecode.swift; path = QuestView.swift; sourceTree = "<group>"; };
		34EE6EB82924CAA1005AF583 /* QuestViewModel.swift */ = {isa = PBXFileReference; lastKnownFileType = sourcecode.swift; path = QuestViewModel.swift; sourceTree = "<group>"; };
		A51189C229226E66008A9D33 /* UserQuestEntity+Mapping.swift */ = {isa = PBXFileReference; lastKnownFileType = sourcecode.swift; path = "UserQuestEntity+Mapping.swift"; sourceTree = "<group>"; };
		A51F01C72923392F0031ECA2 /* UserInfoStorage.swift */ = {isa = PBXFileReference; lastKnownFileType = sourcecode.swift; path = UserInfoStorage.swift; sourceTree = "<group>"; };
		A51F01C92923397E0031ECA2 /* UserInfoEntity.swift */ = {isa = PBXFileReference; lastKnownFileType = sourcecode.swift; path = UserInfoEntity.swift; sourceTree = "<group>"; };
		A51F01CC29233ABB0031ECA2 /* RealmUserInfoStorage.swift */ = {isa = PBXFileReference; lastKnownFileType = sourcecode.swift; path = RealmUserInfoStorage.swift; sourceTree = "<group>"; };
		A51F01CF29233C510031ECA2 /* UserInfoEntity+Mapping.swift */ = {isa = PBXFileReference; lastKnownFileType = sourcecode.swift; path = "UserInfoEntity+Mapping.swift"; sourceTree = "<group>"; };
		A51F01D2292340360031ECA2 /* BrowseQuestsStorage.swift */ = {isa = PBXFileReference; lastKnownFileType = sourcecode.swift; path = BrowseQuestsStorage.swift; sourceTree = "<group>"; };
		A51F01D42923407E0031ECA2 /* BrowseQuestEntity.swift */ = {isa = PBXFileReference; lastKnownFileType = sourcecode.swift; path = BrowseQuestEntity.swift; sourceTree = "<group>"; };
		A51F01D7292343A80031ECA2 /* RealmBrowseQuestsStorage.swift */ = {isa = PBXFileReference; lastKnownFileType = sourcecode.swift; path = RealmBrowseQuestsStorage.swift; sourceTree = "<group>"; };
		A51F01D9292345990031ECA2 /* BrowseQuest.swift */ = {isa = PBXFileReference; lastKnownFileType = sourcecode.swift; path = BrowseQuest.swift; sourceTree = "<group>"; };
		A51F01DC2923468F0031ECA2 /* BrowseQuestEntity+Mapping.swift */ = {isa = PBXFileReference; lastKnownFileType = sourcecode.swift; path = "BrowseQuestEntity+Mapping.swift"; sourceTree = "<group>"; };
		A5AC96D829223648003B7637 /* RealmStorage.swift */ = {isa = PBXFileReference; lastKnownFileType = sourcecode.swift; path = RealmStorage.swift; sourceTree = "<group>"; };
		A5AC96DB292237C3003B7637 /* UserQuestEntity.swift */ = {isa = PBXFileReference; lastKnownFileType = sourcecode.swift; path = UserQuestEntity.swift; sourceTree = "<group>"; };
		A5AC96E529223F06003B7637 /* UserQuestsStorage.swift */ = {isa = PBXFileReference; lastKnownFileType = sourcecode.swift; path = UserQuestsStorage.swift; sourceTree = "<group>"; };
		A5AC96E729223F27003B7637 /* RealmUserQuestsStorage.swift */ = {isa = PBXFileReference; lastKnownFileType = sourcecode.swift; path = RealmUserQuestsStorage.swift; sourceTree = "<group>"; };
		B50078D529222F3F0070AFC4 /* CircleCheckView.swift */ = {isa = PBXFileReference; lastKnownFileType = sourcecode.swift; path = CircleCheckView.swift; sourceTree = "<group>"; };
		B58DFC0929227DA800C68A4B /* CalendarCell.swift */ = {isa = PBXFileReference; lastKnownFileType = sourcecode.swift; path = CalendarCell.swift; sourceTree = "<group>"; };
/* End PBXFileReference section */

/* Begin PBXFrameworksBuildPhase section */
		34ACC326291DE9C000741371 /* Frameworks */ = {
			isa = PBXFrameworksBuildPhase;
			buildActionMask = 2147483647;
			files = (
				A5AC96DF292239CA003B7637 /* RealmSwift in Frameworks */,
				34131399291E47D300E607E1 /* RxSwift in Frameworks */,
				34ACC362291DEF6100741371 /* FirebaseDatabase in Frameworks */,
				34ACC366291DEF6100741371 /* FirebaseStorage in Frameworks */,
				3413139C291E480500E607E1 /* SnapKit in Frameworks */,
				34131397291E47D300E607E1 /* RxCocoa in Frameworks */,
				34ACC360291DEF6100741371 /* FirebaseAuth in Frameworks */,
				34ACC364291DEF6100741371 /* FirebaseFirestore in Frameworks */,
			);
			runOnlyForDeploymentPostprocessing = 0;
		};
		34ACC33C291DE9C100741371 /* Frameworks */ = {
			isa = PBXFrameworksBuildPhase;
			buildActionMask = 2147483647;
			files = (
			);
			runOnlyForDeploymentPostprocessing = 0;
		};
		34ACC346291DE9C100741371 /* Frameworks */ = {
			isa = PBXFrameworksBuildPhase;
			buildActionMask = 2147483647;
			files = (
			);
			runOnlyForDeploymentPostprocessing = 0;
		};
/* End PBXFrameworksBuildPhase section */

/* Begin PBXGroup section */
		3449AD592922162E00B87619 /* Entities */ = {
			isa = PBXGroup;
			children = (
				A51F01D9292345990031ECA2 /* BrowseQuest.swift */,
				3449AD5A2922164B00B87619 /* Quest.swift */,
				3449AD5C2922197000B87619 /* User.swift */,
			);
			path = Entities;
			sourceTree = "<group>";
		};
		3449AD5E292219D600B87619 /* Common */ = {
			isa = PBXGroup;
			children = (
				3499551C292332DE007AB99E /* Cells */,
				B50078D529222F3F0070AFC4 /* CircleCheckView.swift */,
				3499551F29234637007AB99E /* CustomProgressBar.swift */,
			);
			path = Common;
			sourceTree = "<group>";
		};
		34642AB42925D9E40052FA0E /* View */ = {
			isa = PBXGroup;
			children = (
				34642AB52925D9E40052FA0E /* UserInfoView.swift */,
				3499552229234D5F007AB99E /* BrowseCell.swift */,
			);
			path = View;
			sourceTree = "<group>";
		};
		34995510292321FD007AB99E /* Utils */ = {
			isa = PBXGroup;
			children = (
				349955112923220E007AB99E /* SwiftUIPreview.swift */,
				3499551429232533007AB99E /* UIColor+.swift */,
				34874AA129250C43000570DF /* UIButton+.swift */,
			);
			path = Utils;
			sourceTree = "<group>";
		};
		3499551329232525007AB99E /* DIContainer */ = {
			isa = PBXGroup;
			children = (
				34A529D929247B9C001BAD34 /* AppDIContainer.swift */,
				34A529DB29247BB6001BAD34 /* HomeSceneDIContainer.swift */,
				34A529E12924816A001BAD34 /* BrowseSceneDIContainer.swift */,
				34A529E329248178001BAD34 /* SettingsSceneDIContainer.swift */,
			);
			path = DIContainer;
			sourceTree = "<group>";
		};
		34995516292329F4007AB99E /* UseCases */ = {
			isa = PBXGroup;
			children = (
			);
			path = UseCases;
			sourceTree = "<group>";
		};
		34995517292329FA007AB99E /* Interfaces */ = {
			isa = PBXGroup;
			children = (
				3499551829232A05007AB99E /* Repositories */,
			);
			path = Interfaces;
			sourceTree = "<group>";
		};
		3499551829232A05007AB99E /* Repositories */ = {
			isa = PBXGroup;
			children = (
			);
			path = Repositories;
			sourceTree = "<group>";
		};
		34995519292332A9007AB99E /* Home */ = {
			isa = PBXGroup;
			children = (
				34EE6EB52924C657005AF583 /* View */,
				34A529DE29247F13001BAD34 /* ViewModel */,
				34A529DD29247F0C001BAD34 /* ViewController */,
				34A529D629247A52001BAD34 /* Flow */,
			);
			path = Home;
			sourceTree = "<group>";
		};
		3499551A292332B2007AB99E /* Browse */ = {
			isa = PBXGroup;
			children = (
				34642AB42925D9E40052FA0E /* View */,
				3499552429235034007AB99E /* ViewController */,
				349955252923503C007AB99E /* ViewModel */,
				34A529E5292481C9001BAD34 /* Flow */,
			);
			path = Browse;
			sourceTree = "<group>";
		};
		3499551B292332B8007AB99E /* Settings */ = {
			isa = PBXGroup;
			children = (
			);
			path = Settings;
			sourceTree = "<group>";
		};
		3499551C292332DE007AB99E /* Cells */ = {
			isa = PBXGroup;
			children = (
				B58DFC0929227DA800C68A4B /* CalendarCell.swift */,
				3449AD5F29222B3900B87619 /* UserInfoCell.swift */,
				3499551D29233DEF007AB99E /* QuestCell.swift */,
			);
			path = Cells;
			sourceTree = "<group>";
		};
		3499552429235034007AB99E /* ViewController */ = {
			isa = PBXGroup;
			children = (
				349955282923600A007AB99E /* BrowseViewController.swift */,
			);
			path = ViewController;
			sourceTree = "<group>";
		};
		349955252923503C007AB99E /* ViewModel */ = {
			isa = PBXGroup;
			children = (
				3499552629235D1E007AB99E /* BrowseItemViewModel.swift */,
				3499552A29236041007AB99E /* BrowseViewModel.swift */,
			);
			path = ViewModel;
			sourceTree = "<group>";
		};
		34A529CF29247875001BAD34 /* Protocols */ = {
			isa = PBXGroup;
			children = (
				34A529D029247880001BAD34 /* Coordinator.swift */,
				34A529D229247903001BAD34 /* TabCoordinator.swift */,
			);
			path = Protocols;
			sourceTree = "<group>";
		};
		34A529D629247A52001BAD34 /* Flow */ = {
			isa = PBXGroup;
			children = (
				34A529D729247A87001BAD34 /* HomeCoordinator.swift */,
			);
			path = Flow;
			sourceTree = "<group>";
		};
		34A529DD29247F0C001BAD34 /* ViewController */ = {
			isa = PBXGroup;
			children = (
				34A529DF29247F1F001BAD34 /* HomeViewController.swift */,
				34874AA529252088000570DF /* AddQuestsViewController.swift */,
			);
			path = ViewController;
			sourceTree = "<group>";
		};
		34A529DE29247F13001BAD34 /* ViewModel */ = {
			isa = PBXGroup;
			children = (
				34EE6EB82924CAA1005AF583 /* QuestViewModel.swift */,
			);
			path = ViewModel;
			sourceTree = "<group>";
		};
		34A529E5292481C9001BAD34 /* Flow */ = {
			isa = PBXGroup;
			children = (
				34A529E6292481E1001BAD34 /* BrowseCoordinator.swift */,
			);
			path = Flow;
			sourceTree = "<group>";
		};
		34ACC320291DE9C000741371 = {
			isa = PBXGroup;
			children = (
				34ACC32B291DE9C000741371 /* DailyQuest */,
				34ACC342291DE9C100741371 /* DailyQuestTests */,
				34ACC34C291DE9C100741371 /* DailyQuestUITests */,
				34ACC32A291DE9C000741371 /* Products */,
			);
			sourceTree = "<group>";
		};
		34ACC32A291DE9C000741371 /* Products */ = {
			isa = PBXGroup;
			children = (
				34ACC329291DE9C000741371 /* DailyQuest.app */,
				34ACC33F291DE9C100741371 /* DailyQuestTests.xctest */,
				34ACC349291DE9C100741371 /* DailyQuestUITests.xctest */,
			);
			name = Products;
			sourceTree = "<group>";
		};
		34ACC32B291DE9C000741371 /* DailyQuest */ = {
			isa = PBXGroup;
			children = (
				34ACC367291DF00B00741371 /* Application */,
				34ACC368291DF02500741371 /* Presentation */,
				34ACC36A291DF04000741371 /* Data */,
				34ACC369291DF03600741371 /* Domain */,
				34995510292321FD007AB99E /* Utils */,
				34ACC335291DE9C100741371 /* Assets.xcassets */,
				34ACC337291DE9C100741371 /* LaunchScreen.storyboard */,
				34ACC33A291DE9C100741371 /* Info.plist */,
				34ACC36B291DF0DD00741371 /* GoogleService-Info.plist */,
			);
			path = DailyQuest;
			sourceTree = "<group>";
		};
		34ACC342291DE9C100741371 /* DailyQuestTests */ = {
			isa = PBXGroup;
			children = (
				34ACC343291DE9C100741371 /* DailyQuestTests.swift */,
			);
			path = DailyQuestTests;
			sourceTree = "<group>";
		};
		34ACC34C291DE9C100741371 /* DailyQuestUITests */ = {
			isa = PBXGroup;
			children = (
				34ACC34D291DE9C100741371 /* DailyQuestUITests.swift */,
				34ACC34F291DE9C100741371 /* DailyQuestUITestsLaunchTests.swift */,
			);
			path = DailyQuestUITests;
			sourceTree = "<group>";
		};
		34ACC367291DF00B00741371 /* Application */ = {
			isa = PBXGroup;
			children = (
				34A529CF29247875001BAD34 /* Protocols */,
				3499551329232525007AB99E /* DIContainer */,
				34ACC32C291DE9C000741371 /* AppDelegate.swift */,
				34ACC32E291DE9C000741371 /* SceneDelegate.swift */,
				34A529D429247932001BAD34 /* AppCoordinator.swift */,
				34A529E829248B58001BAD34 /* AppAppearance.swift */,
			);
			path = Application;
			sourceTree = "<group>";
		};
		34ACC368291DF02500741371 /* Presentation */ = {
			isa = PBXGroup;
			children = (
				3499551B292332B8007AB99E /* Settings */,
				3499551A292332B2007AB99E /* Browse */,
				34995519292332A9007AB99E /* Home */,
				3449AD5E292219D600B87619 /* Common */,
			);
			path = Presentation;
			sourceTree = "<group>";
		};
		34ACC369291DF03600741371 /* Domain */ = {
			isa = PBXGroup;
			children = (
				34995517292329FA007AB99E /* Interfaces */,
				34995516292329F4007AB99E /* UseCases */,
				3449AD592922162E00B87619 /* Entities */,
			);
			path = Domain;
			sourceTree = "<group>";
		};
		34ACC36A291DF04000741371 /* Data */ = {
			isa = PBXGroup;
			children = (
				A5AC96D42922356E003B7637 /* Repositories */,
				A5AC96D62922359F003B7637 /* PersistentStorages */,
			);
			path = Data;
			sourceTree = "<group>";
		};
		34EE6EB52924C657005AF583 /* View */ = {
			isa = PBXGroup;
			children = (
				34EE6EB62924C674005AF583 /* QuestView.swift */,
				34874A9F292509A4000570DF /* QuestViewHeader.swift */,
			);
			path = View;
			sourceTree = "<group>";
		};
		A51189C029226DF7008A9D33 /* RealmStorage */ = {
			isa = PBXGroup;
			children = (
				A5AC96E729223F27003B7637 /* RealmUserQuestsStorage.swift */,
				A51189C129226E26008A9D33 /* EntityMapping */,
			);
			path = RealmStorage;
			sourceTree = "<group>";
		};
		A51189C129226E26008A9D33 /* EntityMapping */ = {
			isa = PBXGroup;
			children = (
				A51189C229226E66008A9D33 /* UserQuestEntity+Mapping.swift */,
			);
			path = EntityMapping;
			sourceTree = "<group>";
		};
		A51F01C629232DF90031ECA2 /* UserInfoStorage */ = {
			isa = PBXGroup;
			children = (
				A51F01C72923392F0031ECA2 /* UserInfoStorage.swift */,
				A51F01CB292339DB0031ECA2 /* RealmStorage */,
			);
			path = UserInfoStorage;
			sourceTree = "<group>";
		};
		A51F01CB292339DB0031ECA2 /* RealmStorage */ = {
			isa = PBXGroup;
			children = (
				A51F01CC29233ABB0031ECA2 /* RealmUserInfoStorage.swift */,
				A51F01CE29233C3D0031ECA2 /* EntityMapping */,
			);
			path = RealmStorage;
			sourceTree = "<group>";
		};
		A51F01CE29233C3D0031ECA2 /* EntityMapping */ = {
			isa = PBXGroup;
			children = (
				A51F01CF29233C510031ECA2 /* UserInfoEntity+Mapping.swift */,
			);
			path = EntityMapping;
			sourceTree = "<group>";
		};
		A51F01D129233FFB0031ECA2 /* BrowseQuestsStorage */ = {
			isa = PBXGroup;
			children = (
				A51F01D2292340360031ECA2 /* BrowseQuestsStorage.swift */,
				A51F01D62923436F0031ECA2 /* RealmStorage */,
			);
			path = BrowseQuestsStorage;
			sourceTree = "<group>";
		};
		A51F01D62923436F0031ECA2 /* RealmStorage */ = {
			isa = PBXGroup;
			children = (
				A51F01D7292343A80031ECA2 /* RealmBrowseQuestsStorage.swift */,
				A51F01DB2923466D0031ECA2 /* EntityMapping */,
			);
			path = RealmStorage;
			sourceTree = "<group>";
		};
		A51F01DB2923466D0031ECA2 /* EntityMapping */ = {
			isa = PBXGroup;
			children = (
				A51F01DC2923468F0031ECA2 /* BrowseQuestEntity+Mapping.swift */,
			);
			path = EntityMapping;
			sourceTree = "<group>";
		};
		A5AC96D42922356E003B7637 /* Repositories */ = {
			isa = PBXGroup;
			children = (
				A5AC96D52922357E003B7637 /* Util */,
			);
			path = Repositories;
			sourceTree = "<group>";
		};
		A5AC96D52922357E003B7637 /* Util */ = {
			isa = PBXGroup;
			children = (
			);
			path = Util;
			sourceTree = "<group>";
		};
		A5AC96D62922359F003B7637 /* PersistentStorages */ = {
			isa = PBXGroup;
			children = (
				A51F01C629232DF90031ECA2 /* UserInfoStorage */,
				A5AC96E429223EE6003B7637 /* UserQuestsStorage */,
				A51F01D129233FFB0031ECA2 /* BrowseQuestsStorage */,
				A5AC96D72922362A003B7637 /* RealmStorage */,
			);
			path = PersistentStorages;
			sourceTree = "<group>";
		};
		A5AC96D72922362A003B7637 /* RealmStorage */ = {
			isa = PBXGroup;
			children = (
				A5AC96DA2922377C003B7637 /* Entities */,
				A5AC96D829223648003B7637 /* RealmStorage.swift */,
			);
			path = RealmStorage;
			sourceTree = "<group>";
		};
		A5AC96DA2922377C003B7637 /* Entities */ = {
			isa = PBXGroup;
			children = (
				A5AC96DB292237C3003B7637 /* UserQuestEntity.swift */,
				A51F01C92923397E0031ECA2 /* UserInfoEntity.swift */,
				A51F01D42923407E0031ECA2 /* BrowseQuestEntity.swift */,
			);
			path = Entities;
			sourceTree = "<group>";
		};
		A5AC96E429223EE6003B7637 /* UserQuestsStorage */ = {
			isa = PBXGroup;
			children = (
				A5AC96E529223F06003B7637 /* UserQuestsStorage.swift */,
				A51189C029226DF7008A9D33 /* RealmStorage */,
			);
			path = UserQuestsStorage;
			sourceTree = "<group>";
		};
/* End PBXGroup section */

/* Begin PBXNativeTarget section */
		34ACC328291DE9C000741371 /* DailyQuest */ = {
			isa = PBXNativeTarget;
			buildConfigurationList = 34ACC353291DE9C100741371 /* Build configuration list for PBXNativeTarget "DailyQuest" */;
			buildPhases = (
				34ACC325291DE9C000741371 /* Sources */,
				34ACC326291DE9C000741371 /* Frameworks */,
				34ACC327291DE9C000741371 /* Resources */,
			);
			buildRules = (
			);
			dependencies = (
			);
			name = DailyQuest;
			packageProductDependencies = (
				34ACC35F291DEF6100741371 /* FirebaseAuth */,
				34ACC361291DEF6100741371 /* FirebaseDatabase */,
				34ACC363291DEF6100741371 /* FirebaseFirestore */,
				34ACC365291DEF6100741371 /* FirebaseStorage */,
				34131396291E47D300E607E1 /* RxCocoa */,
				34131398291E47D300E607E1 /* RxSwift */,
				3413139B291E480500E607E1 /* SnapKit */,
				A5AC96DE292239CA003B7637 /* RealmSwift */,
			);
			productName = DailyQuest;
			productReference = 34ACC329291DE9C000741371 /* DailyQuest.app */;
			productType = "com.apple.product-type.application";
		};
		34ACC33E291DE9C100741371 /* DailyQuestTests */ = {
			isa = PBXNativeTarget;
			buildConfigurationList = 34ACC356291DE9C100741371 /* Build configuration list for PBXNativeTarget "DailyQuestTests" */;
			buildPhases = (
				34ACC33B291DE9C100741371 /* Sources */,
				34ACC33C291DE9C100741371 /* Frameworks */,
				34ACC33D291DE9C100741371 /* Resources */,
			);
			buildRules = (
			);
			dependencies = (
				34ACC341291DE9C100741371 /* PBXTargetDependency */,
			);
			name = DailyQuestTests;
			productName = DailyQuestTests;
			productReference = 34ACC33F291DE9C100741371 /* DailyQuestTests.xctest */;
			productType = "com.apple.product-type.bundle.unit-test";
		};
		34ACC348291DE9C100741371 /* DailyQuestUITests */ = {
			isa = PBXNativeTarget;
			buildConfigurationList = 34ACC359291DE9C100741371 /* Build configuration list for PBXNativeTarget "DailyQuestUITests" */;
			buildPhases = (
				34ACC345291DE9C100741371 /* Sources */,
				34ACC346291DE9C100741371 /* Frameworks */,
				34ACC347291DE9C100741371 /* Resources */,
			);
			buildRules = (
			);
			dependencies = (
				34ACC34B291DE9C100741371 /* PBXTargetDependency */,
			);
			name = DailyQuestUITests;
			productName = DailyQuestUITests;
			productReference = 34ACC349291DE9C100741371 /* DailyQuestUITests.xctest */;
			productType = "com.apple.product-type.bundle.ui-testing";
		};
/* End PBXNativeTarget section */

/* Begin PBXProject section */
		34ACC321291DE9C000741371 /* Project object */ = {
			isa = PBXProject;
			attributes = {
				BuildIndependentTargetsInParallel = 1;
				LastSwiftUpdateCheck = 1410;
				LastUpgradeCheck = 1410;
				TargetAttributes = {
					34ACC328291DE9C000741371 = {
						CreatedOnToolsVersion = 14.1;
					};
					34ACC33E291DE9C100741371 = {
						CreatedOnToolsVersion = 14.1;
						TestTargetID = 34ACC328291DE9C000741371;
					};
					34ACC348291DE9C100741371 = {
						CreatedOnToolsVersion = 14.1;
						TestTargetID = 34ACC328291DE9C000741371;
					};
				};
			};
			buildConfigurationList = 34ACC324291DE9C000741371 /* Build configuration list for PBXProject "DailyQuest" */;
			compatibilityVersion = "Xcode 14.0";
			developmentRegion = en;
			hasScannedForEncodings = 0;
			knownRegions = (
				en,
				Base,
			);
			mainGroup = 34ACC320291DE9C000741371;
			packageReferences = (
				34ACC35E291DEF6100741371 /* XCRemoteSwiftPackageReference "firebase-ios-sdk" */,
				34131395291E47D300E607E1 /* XCRemoteSwiftPackageReference "RxSwift" */,
				3413139A291E480500E607E1 /* XCRemoteSwiftPackageReference "SnapKit" */,
				A5AC96DD292239CA003B7637 /* XCRemoteSwiftPackageReference "realm-swift" */,
			);
			productRefGroup = 34ACC32A291DE9C000741371 /* Products */;
			projectDirPath = "";
			projectRoot = "";
			targets = (
				34ACC328291DE9C000741371 /* DailyQuest */,
				34ACC33E291DE9C100741371 /* DailyQuestTests */,
				34ACC348291DE9C100741371 /* DailyQuestUITests */,
			);
		};
/* End PBXProject section */

/* Begin PBXResourcesBuildPhase section */
		34ACC327291DE9C000741371 /* Resources */ = {
			isa = PBXResourcesBuildPhase;
			buildActionMask = 2147483647;
			files = (
				34ACC339291DE9C100741371 /* LaunchScreen.storyboard in Resources */,
				34ACC336291DE9C100741371 /* Assets.xcassets in Resources */,
				34ACC36C291DF0DD00741371 /* GoogleService-Info.plist in Resources */,
			);
			runOnlyForDeploymentPostprocessing = 0;
		};
		34ACC33D291DE9C100741371 /* Resources */ = {
			isa = PBXResourcesBuildPhase;
			buildActionMask = 2147483647;
			files = (
			);
			runOnlyForDeploymentPostprocessing = 0;
		};
		34ACC347291DE9C100741371 /* Resources */ = {
			isa = PBXResourcesBuildPhase;
			buildActionMask = 2147483647;
			files = (
			);
			runOnlyForDeploymentPostprocessing = 0;
		};
/* End PBXResourcesBuildPhase section */

/* Begin PBXSourcesBuildPhase section */
		34ACC325291DE9C000741371 /* Sources */ = {
			isa = PBXSourcesBuildPhase;
			buildActionMask = 2147483647;
			files = (
				34A529D129247880001BAD34 /* Coordinator.swift in Sources */,
				3499552029234637007AB99E /* CustomProgressBar.swift in Sources */,
				34A529E22924816A001BAD34 /* BrowseSceneDIContainer.swift in Sources */,
				34A529E929248B58001BAD34 /* AppAppearance.swift in Sources */,
				3499552329234D5F007AB99E /* BrowseCell.swift in Sources */,
				3499551E29233DEF007AB99E /* QuestCell.swift in Sources */,
				34A529DC29247BB6001BAD34 /* HomeSceneDIContainer.swift in Sources */,
				34874AA229250C43000570DF /* UIButton+.swift in Sources */,
				34A529E7292481E1001BAD34 /* BrowseCoordinator.swift in Sources */,
				34A529D329247903001BAD34 /* TabCoordinator.swift in Sources */,
				34EE6EB92924CAA1005AF583 /* QuestViewModel.swift in Sources */,
				3449AD5D2922197000B87619 /* User.swift in Sources */,
				A51F01CD29233ABB0031ECA2 /* RealmUserInfoStorage.swift in Sources */,
				A51F01DA292345990031ECA2 /* BrowseQuest.swift in Sources */,
				A5AC96E629223F06003B7637 /* UserQuestsStorage.swift in Sources */,
				A51F01D52923407E0031ECA2 /* BrowseQuestEntity.swift in Sources */,
				A51F01C82923392F0031ECA2 /* UserInfoStorage.swift in Sources */,
				34A529E429248178001BAD34 /* SettingsSceneDIContainer.swift in Sources */,
				34A529E029247F1F001BAD34 /* HomeViewController.swift in Sources */,
				34A529D529247932001BAD34 /* AppCoordinator.swift in Sources */,
				B50078D629222F3F0070AFC4 /* CircleCheckView.swift in Sources */,
				3499552729235D1E007AB99E /* BrowseItemViewModel.swift in Sources */,
				34874AA629252088000570DF /* AddQuestsViewController.swift in Sources */,
				34642AB62925D9E40052FA0E /* UserInfoView.swift in Sources */,
				349955292923600A007AB99E /* BrowseViewController.swift in Sources */,
				34EE6EB72924C674005AF583 /* QuestView.swift in Sources */,
				B58DFC0A29227DA800C68A4B /* CalendarCell.swift in Sources */,
				3499551529232533007AB99E /* UIColor+.swift in Sources */,
				34A529DA29247B9C001BAD34 /* AppDIContainer.swift in Sources */,
				34ACC32D291DE9C000741371 /* AppDelegate.swift in Sources */,
				A5AC96D929223648003B7637 /* RealmStorage.swift in Sources */,
				A51189C329226E66008A9D33 /* UserQuestEntity+Mapping.swift in Sources */,
				A51F01D3292340360031ECA2 /* BrowseQuestsStorage.swift in Sources */,
				34874AA0292509A4000570DF /* QuestViewHeader.swift in Sources */,
				A51F01CA2923397E0031ECA2 /* UserInfoEntity.swift in Sources */,
				A51F01D8292343A80031ECA2 /* RealmBrowseQuestsStorage.swift in Sources */,
				A51F01DD2923468F0031ECA2 /* BrowseQuestEntity+Mapping.swift in Sources */,
				A5AC96DC292237C3003B7637 /* UserQuestEntity.swift in Sources */,
				A51F01D029233C510031ECA2 /* UserInfoEntity+Mapping.swift in Sources */,
				3499552B29236041007AB99E /* BrowseViewModel.swift in Sources */,
				3449AD5B2922164B00B87619 /* Quest.swift in Sources */,
				A5AC96E829223F27003B7637 /* RealmUserQuestsStorage.swift in Sources */,
				349955122923220E007AB99E /* SwiftUIPreview.swift in Sources */,
				3449AD6029222B3900B87619 /* UserInfoCell.swift in Sources */,
				34ACC32F291DE9C000741371 /* SceneDelegate.swift in Sources */,
				34A529D829247A87001BAD34 /* HomeCoordinator.swift in Sources */,
			);
			runOnlyForDeploymentPostprocessing = 0;
		};
		34ACC33B291DE9C100741371 /* Sources */ = {
			isa = PBXSourcesBuildPhase;
			buildActionMask = 2147483647;
			files = (
				34ACC344291DE9C100741371 /* DailyQuestTests.swift in Sources */,
			);
			runOnlyForDeploymentPostprocessing = 0;
		};
		34ACC345291DE9C100741371 /* Sources */ = {
			isa = PBXSourcesBuildPhase;
			buildActionMask = 2147483647;
			files = (
				34ACC34E291DE9C100741371 /* DailyQuestUITests.swift in Sources */,
				34ACC350291DE9C100741371 /* DailyQuestUITestsLaunchTests.swift in Sources */,
			);
			runOnlyForDeploymentPostprocessing = 0;
		};
/* End PBXSourcesBuildPhase section */

/* Begin PBXTargetDependency section */
		34ACC341291DE9C100741371 /* PBXTargetDependency */ = {
			isa = PBXTargetDependency;
			target = 34ACC328291DE9C000741371 /* DailyQuest */;
			targetProxy = 34ACC340291DE9C100741371 /* PBXContainerItemProxy */;
		};
		34ACC34B291DE9C100741371 /* PBXTargetDependency */ = {
			isa = PBXTargetDependency;
			target = 34ACC328291DE9C000741371 /* DailyQuest */;
			targetProxy = 34ACC34A291DE9C100741371 /* PBXContainerItemProxy */;
		};
/* End PBXTargetDependency section */

/* Begin PBXVariantGroup section */
		34ACC337291DE9C100741371 /* LaunchScreen.storyboard */ = {
			isa = PBXVariantGroup;
			children = (
				34ACC338291DE9C100741371 /* Base */,
			);
			name = LaunchScreen.storyboard;
			sourceTree = "<group>";
		};
/* End PBXVariantGroup section */

/* Begin XCBuildConfiguration section */
		34ACC351291DE9C100741371 /* Debug */ = {
			isa = XCBuildConfiguration;
			buildSettings = {
				ALWAYS_SEARCH_USER_PATHS = NO;
				CLANG_ANALYZER_NONNULL = YES;
				CLANG_ANALYZER_NUMBER_OBJECT_CONVERSION = YES_AGGRESSIVE;
				CLANG_CXX_LANGUAGE_STANDARD = "gnu++20";
				CLANG_ENABLE_MODULES = YES;
				CLANG_ENABLE_OBJC_ARC = YES;
				CLANG_ENABLE_OBJC_WEAK = YES;
				CLANG_WARN_BLOCK_CAPTURE_AUTORELEASING = YES;
				CLANG_WARN_BOOL_CONVERSION = YES;
				CLANG_WARN_COMMA = YES;
				CLANG_WARN_CONSTANT_CONVERSION = YES;
				CLANG_WARN_DEPRECATED_OBJC_IMPLEMENTATIONS = YES;
				CLANG_WARN_DIRECT_OBJC_ISA_USAGE = YES_ERROR;
				CLANG_WARN_DOCUMENTATION_COMMENTS = YES;
				CLANG_WARN_EMPTY_BODY = YES;
				CLANG_WARN_ENUM_CONVERSION = YES;
				CLANG_WARN_INFINITE_RECURSION = YES;
				CLANG_WARN_INT_CONVERSION = YES;
				CLANG_WARN_NON_LITERAL_NULL_CONVERSION = YES;
				CLANG_WARN_OBJC_IMPLICIT_RETAIN_SELF = YES;
				CLANG_WARN_OBJC_LITERAL_CONVERSION = YES;
				CLANG_WARN_OBJC_ROOT_CLASS = YES_ERROR;
				CLANG_WARN_QUOTED_INCLUDE_IN_FRAMEWORK_HEADER = YES;
				CLANG_WARN_RANGE_LOOP_ANALYSIS = YES;
				CLANG_WARN_STRICT_PROTOTYPES = YES;
				CLANG_WARN_SUSPICIOUS_MOVE = YES;
				CLANG_WARN_UNGUARDED_AVAILABILITY = YES_AGGRESSIVE;
				CLANG_WARN_UNREACHABLE_CODE = YES;
				CLANG_WARN__DUPLICATE_METHOD_MATCH = YES;
				COPY_PHASE_STRIP = NO;
				DEBUG_INFORMATION_FORMAT = dwarf;
				ENABLE_STRICT_OBJC_MSGSEND = YES;
				ENABLE_TESTABILITY = YES;
				GCC_C_LANGUAGE_STANDARD = gnu11;
				GCC_DYNAMIC_NO_PIC = NO;
				GCC_NO_COMMON_BLOCKS = YES;
				GCC_OPTIMIZATION_LEVEL = 0;
				GCC_PREPROCESSOR_DEFINITIONS = (
					"DEBUG=1",
					"$(inherited)",
				);
				GCC_WARN_64_TO_32_BIT_CONVERSION = YES;
				GCC_WARN_ABOUT_RETURN_TYPE = YES_ERROR;
				GCC_WARN_UNDECLARED_SELECTOR = YES;
				GCC_WARN_UNINITIALIZED_AUTOS = YES_AGGRESSIVE;
				GCC_WARN_UNUSED_FUNCTION = YES;
				GCC_WARN_UNUSED_VARIABLE = YES;
				IPHONEOS_DEPLOYMENT_TARGET = 16.1;
				MTL_ENABLE_DEBUG_INFO = INCLUDE_SOURCE;
				MTL_FAST_MATH = YES;
				ONLY_ACTIVE_ARCH = YES;
				SDKROOT = iphoneos;
				SWIFT_ACTIVE_COMPILATION_CONDITIONS = DEBUG;
				SWIFT_OPTIMIZATION_LEVEL = "-Onone";
			};
			name = Debug;
		};
		34ACC352291DE9C100741371 /* Release */ = {
			isa = XCBuildConfiguration;
			buildSettings = {
				ALWAYS_SEARCH_USER_PATHS = NO;
				CLANG_ANALYZER_NONNULL = YES;
				CLANG_ANALYZER_NUMBER_OBJECT_CONVERSION = YES_AGGRESSIVE;
				CLANG_CXX_LANGUAGE_STANDARD = "gnu++20";
				CLANG_ENABLE_MODULES = YES;
				CLANG_ENABLE_OBJC_ARC = YES;
				CLANG_ENABLE_OBJC_WEAK = YES;
				CLANG_WARN_BLOCK_CAPTURE_AUTORELEASING = YES;
				CLANG_WARN_BOOL_CONVERSION = YES;
				CLANG_WARN_COMMA = YES;
				CLANG_WARN_CONSTANT_CONVERSION = YES;
				CLANG_WARN_DEPRECATED_OBJC_IMPLEMENTATIONS = YES;
				CLANG_WARN_DIRECT_OBJC_ISA_USAGE = YES_ERROR;
				CLANG_WARN_DOCUMENTATION_COMMENTS = YES;
				CLANG_WARN_EMPTY_BODY = YES;
				CLANG_WARN_ENUM_CONVERSION = YES;
				CLANG_WARN_INFINITE_RECURSION = YES;
				CLANG_WARN_INT_CONVERSION = YES;
				CLANG_WARN_NON_LITERAL_NULL_CONVERSION = YES;
				CLANG_WARN_OBJC_IMPLICIT_RETAIN_SELF = YES;
				CLANG_WARN_OBJC_LITERAL_CONVERSION = YES;
				CLANG_WARN_OBJC_ROOT_CLASS = YES_ERROR;
				CLANG_WARN_QUOTED_INCLUDE_IN_FRAMEWORK_HEADER = YES;
				CLANG_WARN_RANGE_LOOP_ANALYSIS = YES;
				CLANG_WARN_STRICT_PROTOTYPES = YES;
				CLANG_WARN_SUSPICIOUS_MOVE = YES;
				CLANG_WARN_UNGUARDED_AVAILABILITY = YES_AGGRESSIVE;
				CLANG_WARN_UNREACHABLE_CODE = YES;
				CLANG_WARN__DUPLICATE_METHOD_MATCH = YES;
				COPY_PHASE_STRIP = NO;
				DEBUG_INFORMATION_FORMAT = "dwarf-with-dsym";
				ENABLE_NS_ASSERTIONS = NO;
				ENABLE_STRICT_OBJC_MSGSEND = YES;
				GCC_C_LANGUAGE_STANDARD = gnu11;
				GCC_NO_COMMON_BLOCKS = YES;
				GCC_WARN_64_TO_32_BIT_CONVERSION = YES;
				GCC_WARN_ABOUT_RETURN_TYPE = YES_ERROR;
				GCC_WARN_UNDECLARED_SELECTOR = YES;
				GCC_WARN_UNINITIALIZED_AUTOS = YES_AGGRESSIVE;
				GCC_WARN_UNUSED_FUNCTION = YES;
				GCC_WARN_UNUSED_VARIABLE = YES;
				IPHONEOS_DEPLOYMENT_TARGET = 16.1;
				MTL_ENABLE_DEBUG_INFO = NO;
				MTL_FAST_MATH = YES;
				SDKROOT = iphoneos;
				SWIFT_COMPILATION_MODE = wholemodule;
				SWIFT_OPTIMIZATION_LEVEL = "-O";
				VALIDATE_PRODUCT = YES;
			};
			name = Release;
		};
		34ACC354291DE9C100741371 /* Debug */ = {
			isa = XCBuildConfiguration;
			buildSettings = {
				ASSETCATALOG_COMPILER_APPICON_NAME = AppIcon;
				ASSETCATALOG_COMPILER_GLOBAL_ACCENT_COLOR_NAME = AccentColor;
				CODE_SIGN_STYLE = Automatic;
				CURRENT_PROJECT_VERSION = 1;
				GENERATE_INFOPLIST_FILE = YES;
				INFOPLIST_FILE = DailyQuest/Info.plist;
				INFOPLIST_KEY_UIApplicationSupportsIndirectInputEvents = YES;
				INFOPLIST_KEY_UILaunchStoryboardName = LaunchScreen;
				INFOPLIST_KEY_UISupportedInterfaceOrientations_iPad = "UIInterfaceOrientationPortrait UIInterfaceOrientationPortraitUpsideDown UIInterfaceOrientationLandscapeLeft UIInterfaceOrientationLandscapeRight";
				INFOPLIST_KEY_UISupportedInterfaceOrientations_iPhone = "UIInterfaceOrientationPortrait UIInterfaceOrientationLandscapeLeft UIInterfaceOrientationLandscapeRight";
				LD_RUNPATH_SEARCH_PATHS = (
					"$(inherited)",
					"@executable_path/Frameworks",
				);
				MARKETING_VERSION = 1.0;
				PRODUCT_BUNDLE_IDENTIFIER = com.347km.DailyQuest;
				PRODUCT_NAME = "$(TARGET_NAME)";
				SWIFT_EMIT_LOC_STRINGS = YES;
				SWIFT_VERSION = 5.0;
				TARGETED_DEVICE_FAMILY = "1,2";
			};
			name = Debug;
		};
		34ACC355291DE9C100741371 /* Release */ = {
			isa = XCBuildConfiguration;
			buildSettings = {
				ASSETCATALOG_COMPILER_APPICON_NAME = AppIcon;
				ASSETCATALOG_COMPILER_GLOBAL_ACCENT_COLOR_NAME = AccentColor;
				CODE_SIGN_STYLE = Automatic;
				CURRENT_PROJECT_VERSION = 1;
				GENERATE_INFOPLIST_FILE = YES;
				INFOPLIST_FILE = DailyQuest/Info.plist;
				INFOPLIST_KEY_UIApplicationSupportsIndirectInputEvents = YES;
				INFOPLIST_KEY_UILaunchStoryboardName = LaunchScreen;
				INFOPLIST_KEY_UISupportedInterfaceOrientations_iPad = "UIInterfaceOrientationPortrait UIInterfaceOrientationPortraitUpsideDown UIInterfaceOrientationLandscapeLeft UIInterfaceOrientationLandscapeRight";
				INFOPLIST_KEY_UISupportedInterfaceOrientations_iPhone = "UIInterfaceOrientationPortrait UIInterfaceOrientationLandscapeLeft UIInterfaceOrientationLandscapeRight";
				LD_RUNPATH_SEARCH_PATHS = (
					"$(inherited)",
					"@executable_path/Frameworks",
				);
				MARKETING_VERSION = 1.0;
				PRODUCT_BUNDLE_IDENTIFIER = com.347km.DailyQuest;
				PRODUCT_NAME = "$(TARGET_NAME)";
				SWIFT_EMIT_LOC_STRINGS = YES;
				SWIFT_VERSION = 5.0;
				TARGETED_DEVICE_FAMILY = "1,2";
			};
			name = Release;
		};
		34ACC357291DE9C100741371 /* Debug */ = {
			isa = XCBuildConfiguration;
			buildSettings = {
				ALWAYS_EMBED_SWIFT_STANDARD_LIBRARIES = YES;
				BUNDLE_LOADER = "$(TEST_HOST)";
				CODE_SIGN_STYLE = Automatic;
				CURRENT_PROJECT_VERSION = 1;
				GENERATE_INFOPLIST_FILE = YES;
				IPHONEOS_DEPLOYMENT_TARGET = 16.1;
				MARKETING_VERSION = 1.0;
				PRODUCT_BUNDLE_IDENTIFIER = com.347km.DailyQuestTests;
				PRODUCT_NAME = "$(TARGET_NAME)";
				SWIFT_EMIT_LOC_STRINGS = NO;
				SWIFT_VERSION = 5.0;
				TARGETED_DEVICE_FAMILY = "1,2";
				TEST_HOST = "$(BUILT_PRODUCTS_DIR)/DailyQuest.app/$(BUNDLE_EXECUTABLE_FOLDER_PATH)/DailyQuest";
			};
			name = Debug;
		};
		34ACC358291DE9C100741371 /* Release */ = {
			isa = XCBuildConfiguration;
			buildSettings = {
				ALWAYS_EMBED_SWIFT_STANDARD_LIBRARIES = YES;
				BUNDLE_LOADER = "$(TEST_HOST)";
				CODE_SIGN_STYLE = Automatic;
				CURRENT_PROJECT_VERSION = 1;
				GENERATE_INFOPLIST_FILE = YES;
				IPHONEOS_DEPLOYMENT_TARGET = 16.1;
				MARKETING_VERSION = 1.0;
				PRODUCT_BUNDLE_IDENTIFIER = com.347km.DailyQuestTests;
				PRODUCT_NAME = "$(TARGET_NAME)";
				SWIFT_EMIT_LOC_STRINGS = NO;
				SWIFT_VERSION = 5.0;
				TARGETED_DEVICE_FAMILY = "1,2";
				TEST_HOST = "$(BUILT_PRODUCTS_DIR)/DailyQuest.app/$(BUNDLE_EXECUTABLE_FOLDER_PATH)/DailyQuest";
			};
			name = Release;
		};
		34ACC35A291DE9C100741371 /* Debug */ = {
			isa = XCBuildConfiguration;
			buildSettings = {
				ALWAYS_EMBED_SWIFT_STANDARD_LIBRARIES = YES;
				CODE_SIGN_STYLE = Automatic;
				CURRENT_PROJECT_VERSION = 1;
				GENERATE_INFOPLIST_FILE = YES;
				MARKETING_VERSION = 1.0;
				PRODUCT_BUNDLE_IDENTIFIER = com.347km.DailyQuestUITests;
				PRODUCT_NAME = "$(TARGET_NAME)";
				SWIFT_EMIT_LOC_STRINGS = NO;
				SWIFT_VERSION = 5.0;
				TARGETED_DEVICE_FAMILY = "1,2";
				TEST_TARGET_NAME = DailyQuest;
			};
			name = Debug;
		};
		34ACC35B291DE9C100741371 /* Release */ = {
			isa = XCBuildConfiguration;
			buildSettings = {
				ALWAYS_EMBED_SWIFT_STANDARD_LIBRARIES = YES;
				CODE_SIGN_STYLE = Automatic;
				CURRENT_PROJECT_VERSION = 1;
				GENERATE_INFOPLIST_FILE = YES;
				MARKETING_VERSION = 1.0;
				PRODUCT_BUNDLE_IDENTIFIER = com.347km.DailyQuestUITests;
				PRODUCT_NAME = "$(TARGET_NAME)";
				SWIFT_EMIT_LOC_STRINGS = NO;
				SWIFT_VERSION = 5.0;
				TARGETED_DEVICE_FAMILY = "1,2";
				TEST_TARGET_NAME = DailyQuest;
			};
			name = Release;
		};
/* End XCBuildConfiguration section */

/* Begin XCConfigurationList section */
		34ACC324291DE9C000741371 /* Build configuration list for PBXProject "DailyQuest" */ = {
			isa = XCConfigurationList;
			buildConfigurations = (
				34ACC351291DE9C100741371 /* Debug */,
				34ACC352291DE9C100741371 /* Release */,
			);
			defaultConfigurationIsVisible = 0;
			defaultConfigurationName = Release;
		};
		34ACC353291DE9C100741371 /* Build configuration list for PBXNativeTarget "DailyQuest" */ = {
			isa = XCConfigurationList;
			buildConfigurations = (
				34ACC354291DE9C100741371 /* Debug */,
				34ACC355291DE9C100741371 /* Release */,
			);
			defaultConfigurationIsVisible = 0;
			defaultConfigurationName = Release;
		};
		34ACC356291DE9C100741371 /* Build configuration list for PBXNativeTarget "DailyQuestTests" */ = {
			isa = XCConfigurationList;
			buildConfigurations = (
				34ACC357291DE9C100741371 /* Debug */,
				34ACC358291DE9C100741371 /* Release */,
			);
			defaultConfigurationIsVisible = 0;
			defaultConfigurationName = Release;
		};
		34ACC359291DE9C100741371 /* Build configuration list for PBXNativeTarget "DailyQuestUITests" */ = {
			isa = XCConfigurationList;
			buildConfigurations = (
				34ACC35A291DE9C100741371 /* Debug */,
				34ACC35B291DE9C100741371 /* Release */,
			);
			defaultConfigurationIsVisible = 0;
			defaultConfigurationName = Release;
		};
/* End XCConfigurationList section */

/* Begin XCRemoteSwiftPackageReference section */
		34131395291E47D300E607E1 /* XCRemoteSwiftPackageReference "RxSwift" */ = {
			isa = XCRemoteSwiftPackageReference;
			repositoryURL = "https://github.com/ReactiveX/RxSwift";
			requirement = {
				kind = upToNextMajorVersion;
				minimumVersion = 6.0.0;
			};
		};
		3413139A291E480500E607E1 /* XCRemoteSwiftPackageReference "SnapKit" */ = {
			isa = XCRemoteSwiftPackageReference;
			repositoryURL = "https://github.com/SnapKit/SnapKit";
			requirement = {
				branch = develop;
				kind = branch;
			};
		};
		34ACC35E291DEF6100741371 /* XCRemoteSwiftPackageReference "firebase-ios-sdk" */ = {
			isa = XCRemoteSwiftPackageReference;
			repositoryURL = "https://github.com/firebase/firebase-ios-sdk";
			requirement = {
				branch = master;
				kind = branch;
			};
		};
		A5AC96DD292239CA003B7637 /* XCRemoteSwiftPackageReference "realm-swift" */ = {
			isa = XCRemoteSwiftPackageReference;
			repositoryURL = "https://github.com/realm/realm-swift";
			requirement = {
				branch = master;
				kind = branch;
			};
		};
/* End XCRemoteSwiftPackageReference section */

/* Begin XCSwiftPackageProductDependency section */
		34131396291E47D300E607E1 /* RxCocoa */ = {
			isa = XCSwiftPackageProductDependency;
			package = 34131395291E47D300E607E1 /* XCRemoteSwiftPackageReference "RxSwift" */;
			productName = RxCocoa;
		};
		34131398291E47D300E607E1 /* RxSwift */ = {
			isa = XCSwiftPackageProductDependency;
			package = 34131395291E47D300E607E1 /* XCRemoteSwiftPackageReference "RxSwift" */;
			productName = RxSwift;
		};
		3413139B291E480500E607E1 /* SnapKit */ = {
			isa = XCSwiftPackageProductDependency;
			package = 3413139A291E480500E607E1 /* XCRemoteSwiftPackageReference "SnapKit" */;
			productName = SnapKit;
		};
		34ACC35F291DEF6100741371 /* FirebaseAuth */ = {
			isa = XCSwiftPackageProductDependency;
			package = 34ACC35E291DEF6100741371 /* XCRemoteSwiftPackageReference "firebase-ios-sdk" */;
			productName = FirebaseAuth;
		};
		34ACC361291DEF6100741371 /* FirebaseDatabase */ = {
			isa = XCSwiftPackageProductDependency;
			package = 34ACC35E291DEF6100741371 /* XCRemoteSwiftPackageReference "firebase-ios-sdk" */;
			productName = FirebaseDatabase;
		};
		34ACC363291DEF6100741371 /* FirebaseFirestore */ = {
			isa = XCSwiftPackageProductDependency;
			package = 34ACC35E291DEF6100741371 /* XCRemoteSwiftPackageReference "firebase-ios-sdk" */;
			productName = FirebaseFirestore;
		};
		34ACC365291DEF6100741371 /* FirebaseStorage */ = {
			isa = XCSwiftPackageProductDependency;
			package = 34ACC35E291DEF6100741371 /* XCRemoteSwiftPackageReference "firebase-ios-sdk" */;
			productName = FirebaseStorage;
		};
		A5AC96DE292239CA003B7637 /* RealmSwift */ = {
			isa = XCSwiftPackageProductDependency;
			package = A5AC96DD292239CA003B7637 /* XCRemoteSwiftPackageReference "realm-swift" */;
			productName = RealmSwift;
		};
/* End XCSwiftPackageProductDependency section */
	};
	rootObject = 34ACC321291DE9C000741371 /* Project object */;
}
